// !$*UTF8*$!
{
	archiveVersion = 1;
	classes = {
	};
	objectVersion = 46;
	objects = {

/* Begin PBXBuildFile section */
		380B7DED1D17CFB4008B4177 /* ZWCollectionViewCell.m in Sources */ = {isa = PBXBuildFile; fileRef = 380B7DEB1D17CFB4008B4177 /* ZWCollectionViewCell.m */; };
		380B7DEE1D17CFB4008B4177 /* ZWCollectionViewCell.xib in Resources */ = {isa = PBXBuildFile; fileRef = 380B7DEC1D17CFB4008B4177 /* ZWCollectionViewCell.xib */; };
		380B7DF11D18D5E4008B4177 /* ZWSupplementaryView.m in Sources */ = {isa = PBXBuildFile; fileRef = 380B7DF01D18D5E4008B4177 /* ZWSupplementaryView.m */; };
		380B7DF41D18EAFE008B4177 /* ZWCustomCollectViewController.m in Sources */ = {isa = PBXBuildFile; fileRef = 380B7DF31D18EAFE008B4177 /* ZWCustomCollectViewController.m */; };
		380FF6E51CBC934200EF1528 /* main.m in Sources */ = {isa = PBXBuildFile; fileRef = 380FF6E41CBC934200EF1528 /* main.m */; };
		380FF6E81CBC934200EF1528 /* AppDelegate.m in Sources */ = {isa = PBXBuildFile; fileRef = 380FF6E71CBC934200EF1528 /* AppDelegate.m */; };
		380FF6EE1CBC934200EF1528 /* Main.storyboard in Resources */ = {isa = PBXBuildFile; fileRef = 380FF6EC1CBC934200EF1528 /* Main.storyboard */; };
		380FF6F01CBC934200EF1528 /* Assets.xcassets in Resources */ = {isa = PBXBuildFile; fileRef = 380FF6EF1CBC934200EF1528 /* Assets.xcassets */; };
		380FF6F31CBC934200EF1528 /* LaunchScreen.storyboard in Resources */ = {isa = PBXBuildFile; fileRef = 380FF6F11CBC934200EF1528 /* LaunchScreen.storyboard */; };
		380FF6FE1CBC934300EF1528 /* ZWTestProjectTests.m in Sources */ = {isa = PBXBuildFile; fileRef = 380FF6FD1CBC934300EF1528 /* ZWTestProjectTests.m */; };
		380FF7091CBC934300EF1528 /* ZWTestProjectUITests.m in Sources */ = {isa = PBXBuildFile; fileRef = 380FF7081CBC934300EF1528 /* ZWTestProjectUITests.m */; };
		380FF7191CBCA3AC00EF1528 /* ZWBaseViewController.m in Sources */ = {isa = PBXBuildFile; fileRef = 380FF7181CBCA3AC00EF1528 /* ZWBaseViewController.m */; };
		380FF71C1CBCA79E00EF1528 /* MainViewController.m in Sources */ = {isa = PBXBuildFile; fileRef = 380FF71B1CBCA79E00EF1528 /* MainViewController.m */; };
		380FF71F1CBCA7DE00EF1528 /* ZWBaseNavgationViewController.m in Sources */ = {isa = PBXBuildFile; fileRef = 380FF71E1CBCA7DE00EF1528 /* ZWBaseNavgationViewController.m */; };
		380FF7241CBCAB4300EF1528 /* UIView+Additions.m in Sources */ = {isa = PBXBuildFile; fileRef = 380FF7231CBCAB4300EF1528 /* UIView+Additions.m */; };
		380FF7281CBCAF3300EF1528 /* ZWAssociatedViewController.m in Sources */ = {isa = PBXBuildFile; fileRef = 380FF7271CBCAF3300EF1528 /* ZWAssociatedViewController.m */; };
		380FF72B1CBCF37800EF1528 /* ZWRuntimeViewController.m in Sources */ = {isa = PBXBuildFile; fileRef = 380FF72A1CBCF37800EF1528 /* ZWRuntimeViewController.m */; };
		380FF7FD1CBE176600EF1528 /* ZWForwardInvocationViewController.m in Sources */ = {isa = PBXBuildFile; fileRef = 380FF7FC1CBE176600EF1528 /* ZWForwardInvocationViewController.m */; };
		380FF80C1CBE4FBF00EF1528 /* UIViewController+ExchangeImplemations.m in Sources */ = {isa = PBXBuildFile; fileRef = 380FF80B1CBE4FBF00EF1528 /* UIViewController+ExchangeImplemations.m */; };
		3810440B1D13E534008428C8 /* ZWCollectionViewController.m in Sources */ = {isa = PBXBuildFile; fileRef = 3810440A1D13E534008428C8 /* ZWCollectionViewController.m */; };
		3816F9111CC4BFC60007616E /* ZWTabBarController.m in Sources */ = {isa = PBXBuildFile; fileRef = 3816F9101CC4BFC60007616E /* ZWTabBarController.m */; };
		3816F91E1CC5D5680007616E /* WebViewJavascriptBridge.m in Sources */ = {isa = PBXBuildFile; fileRef = 3816F9171CC5D5680007616E /* WebViewJavascriptBridge.m */; };
		3816F91F1CC5D5680007616E /* WebViewJavascriptBridge_JS.m in Sources */ = {isa = PBXBuildFile; fileRef = 3816F9191CC5D5680007616E /* WebViewJavascriptBridge_JS.m */; };
		3816F9201CC5D5680007616E /* WebViewJavascriptBridgeBase.m in Sources */ = {isa = PBXBuildFile; fileRef = 3816F91B1CC5D5680007616E /* WebViewJavascriptBridgeBase.m */; };
		3816F9211CC5D5680007616E /* WKWebViewJavascriptBridge.m in Sources */ = {isa = PBXBuildFile; fileRef = 3816F91D1CC5D5680007616E /* WKWebViewJavascriptBridge.m */; };
		3816F9241CC5D5A00007616E /* ZWWebViewJavascriptBridgeController.m in Sources */ = {isa = PBXBuildFile; fileRef = 3816F9231CC5D5A00007616E /* ZWWebViewJavascriptBridgeController.m */; };
		3816F9271CC5D62F0007616E /* ExampleApp.html in Resources */ = {isa = PBXBuildFile; fileRef = 3816F9261CC5D62F0007616E /* ExampleApp.html */; };
		3816F92A1CC5DC8C0007616E /* ZWWebViewTestViewController.m in Sources */ = {isa = PBXBuildFile; fileRef = 3816F9291CC5DC8C0007616E /* ZWWebViewTestViewController.m */; };
		3817964B1CC8A675004F060F /* ZWPhotoBrowserViewController.m in Sources */ = {isa = PBXBuildFile; fileRef = 3817964A1CC8A675004F060F /* ZWPhotoBrowserViewController.m */; };
		3817969E1CC9E9F4004F060F /* ZWScrollViewTestViewController.m in Sources */ = {isa = PBXBuildFile; fileRef = 3817969D1CC9E9F4004F060F /* ZWScrollViewTestViewController.m */; };
		381796C21CCA1652004F060F /* MKAnnotationView+WebCache.m in Sources */ = {isa = PBXBuildFile; fileRef = 381796A11CCA1652004F060F /* MKAnnotationView+WebCache.m */; };
		381796C31CCA1652004F060F /* NSData+ImageContentType.m in Sources */ = {isa = PBXBuildFile; fileRef = 381796A31CCA1652004F060F /* NSData+ImageContentType.m */; };
		381796C41CCA1652004F060F /* SDImageCache.m in Sources */ = {isa = PBXBuildFile; fileRef = 381796A51CCA1652004F060F /* SDImageCache.m */; };
		381796C51CCA1652004F060F /* SDWebImageCompat.m in Sources */ = {isa = PBXBuildFile; fileRef = 381796A71CCA1652004F060F /* SDWebImageCompat.m */; };
		381796C61CCA1652004F060F /* SDWebImageDecoder.m in Sources */ = {isa = PBXBuildFile; fileRef = 381796A91CCA1652004F060F /* SDWebImageDecoder.m */; };
		381796C71CCA1652004F060F /* SDWebImageDownloader.m in Sources */ = {isa = PBXBuildFile; fileRef = 381796AB1CCA1652004F060F /* SDWebImageDownloader.m */; };
		381796C81CCA1652004F060F /* SDWebImageDownloaderOperation.m in Sources */ = {isa = PBXBuildFile; fileRef = 381796AD1CCA1652004F060F /* SDWebImageDownloaderOperation.m */; };
		381796C91CCA1652004F060F /* SDWebImageManager.m in Sources */ = {isa = PBXBuildFile; fileRef = 381796AF1CCA1652004F060F /* SDWebImageManager.m */; };
		381796CA1CCA1652004F060F /* SDWebImagePrefetcher.m in Sources */ = {isa = PBXBuildFile; fileRef = 381796B21CCA1652004F060F /* SDWebImagePrefetcher.m */; };
		381796CB1CCA1652004F060F /* UIButton+WebCache.m in Sources */ = {isa = PBXBuildFile; fileRef = 381796B41CCA1652004F060F /* UIButton+WebCache.m */; };
		381796CC1CCA1652004F060F /* UIImage+GIF.m in Sources */ = {isa = PBXBuildFile; fileRef = 381796B61CCA1652004F060F /* UIImage+GIF.m */; };
		381796CD1CCA1652004F060F /* UIImage+MultiFormat.m in Sources */ = {isa = PBXBuildFile; fileRef = 381796B81CCA1652004F060F /* UIImage+MultiFormat.m */; };
		381796CE1CCA1652004F060F /* UIImage+WebP.m in Sources */ = {isa = PBXBuildFile; fileRef = 381796BA1CCA1652004F060F /* UIImage+WebP.m */; };
		381796CF1CCA1652004F060F /* UIImageView+HighlightedWebCache.m in Sources */ = {isa = PBXBuildFile; fileRef = 381796BC1CCA1652004F060F /* UIImageView+HighlightedWebCache.m */; };
		381796D01CCA1652004F060F /* UIImageView+WebCache.m in Sources */ = {isa = PBXBuildFile; fileRef = 381796BE1CCA1652004F060F /* UIImageView+WebCache.m */; };
		381796D11CCA1652004F060F /* UIView+WebCacheOperation.m in Sources */ = {isa = PBXBuildFile; fileRef = 381796C01CCA1652004F060F /* UIView+WebCacheOperation.m */; };
		381796D51CCBA6E8004F060F /* ZWPhotoBrowserController.m in Sources */ = {isa = PBXBuildFile; fileRef = 381796D41CCBA6E8004F060F /* ZWPhotoBrowserController.m */; };
		381796D81CCBA761004F060F /* ZWPhoto.m in Sources */ = {isa = PBXBuildFile; fileRef = 381796D71CCBA761004F060F /* ZWPhoto.m */; };
		381796DB1CCBAAE5004F060F /* ZWPhotoView.m in Sources */ = {isa = PBXBuildFile; fileRef = 381796DA1CCBAAE5004F060F /* ZWPhotoView.m */; };
		381796E11CCBAD24004F060F /* SDWebImageManager+ZWAdditions.m in Sources */ = {isa = PBXBuildFile; fileRef = 381796E01CCBAD24004F060F /* SDWebImageManager+ZWAdditions.m */; };
		381796E41CCD2411004F060F /* ZWToolbar.m in Sources */ = {isa = PBXBuildFile; fileRef = 381796E31CCD2411004F060F /* ZWToolbar.m */; };
		381796E71CCDC95C004F060F /* ZWLoadingView.m in Sources */ = {isa = PBXBuildFile; fileRef = 381796E61CCDC95C004F060F /* ZWLoadingView.m */; };
		381796ED1CCF189F004F060F /* animal_city1.jpg in Resources */ = {isa = PBXBuildFile; fileRef = 381796EC1CCF189F004F060F /* animal_city1.jpg */; };
		381796F01CCF3BCE004F060F /* timeline_image_loading@2x.png in Resources */ = {isa = PBXBuildFile; fileRef = 381796EF1CCF3BCE004F060F /* timeline_image_loading@2x.png */; };
		381D855C1CEAAC610058B2FE /* ZWPhoneCallViewController.m in Sources */ = {isa = PBXBuildFile; fileRef = 381D855B1CEAAC610058B2FE /* ZWPhoneCallViewController.m */; };
		382AE79C1CD3414600A2472F /* ZWFmFactorySub.m in Sources */ = {isa = PBXBuildFile; fileRef = 382AE79B1CD3414600A2472F /* ZWFmFactorySub.m */; };
		382AE79F1CD4888B00A2472F /* ZWCalculateFunViewController.m in Sources */ = {isa = PBXBuildFile; fileRef = 382AE79E1CD4888B00A2472F /* ZWCalculateFunViewController.m */; };
		38336BBA1D179400002BA291 /* ZWWaterFlowLayout.m in Sources */ = {isa = PBXBuildFile; fileRef = 38336BB91D179400002BA291 /* ZWWaterFlowLayout.m */; };
		38336BBD1D179439002BA291 /* ZWPhotoCell.m in Sources */ = {isa = PBXBuildFile; fileRef = 38336BBC1D179439002BA291 /* ZWPhotoCell.m */; };
		385CAD6E1CFE8F0800BD4F1B /* ZWLabelViewController.m in Sources */ = {isa = PBXBuildFile; fileRef = 385CAD6D1CFE8F0800BD4F1B /* ZWLabelViewController.m */; };
		385FCF8F1CE315280095C271 /* ZWPickerViewController.m in Sources */ = {isa = PBXBuildFile; fileRef = 385FCF8E1CE315280095C271 /* ZWPickerViewController.m */; };
		386D4CC91CD086F00066CFCE /* ZWSdWebImageTestViewController.m in Sources */ = {isa = PBXBuildFile; fileRef = 386D4CC81CD086F00066CFCE /* ZWSdWebImageTestViewController.m */; };
		386D4CCC1CD0B8270066CFCE /* ZWOprationViewController.m in Sources */ = {isa = PBXBuildFile; fileRef = 386D4CCB1CD0B8270066CFCE /* ZWOprationViewController.m */; };
		386D4CCF1CD0CAA00066CFCE /* ZWConcurrentOpration.m in Sources */ = {isa = PBXBuildFile; fileRef = 386D4CCE1CD0CAA00066CFCE /* ZWConcurrentOpration.m */; };
		386D4CD21CD0D9480066CFCE /* ZWGCDViewController.m in Sources */ = {isa = PBXBuildFile; fileRef = 386D4CD11CD0D9480066CFCE /* ZWGCDViewController.m */; };
		386D4CD51CD1A9F10066CFCE /* ZWBaseTableViewController.m in Sources */ = {isa = PBXBuildFile; fileRef = 386D4CD41CD1A9F10066CFCE /* ZWBaseTableViewController.m */; };
		386D4CE91CD1B01D0066CFCE /* ZWDesignPatternViewController.m in Sources */ = {isa = PBXBuildFile; fileRef = 386D4CE81CD1B01D0066CFCE /* ZWDesignPatternViewController.m */; };
		386D4CED1CD1B1EF0066CFCE /* Operation.m in Sources */ = {isa = PBXBuildFile; fileRef = 386D4CEC1CD1B1EF0066CFCE /* Operation.m */; };
		386D4CF31CD1B2BD0066CFCE /* OperationAdd.m in Sources */ = {isa = PBXBuildFile; fileRef = 386D4CF21CD1B2BD0066CFCE /* OperationAdd.m */; };
		386D4CF61CD1B2F10066CFCE /* OperationSub.m in Sources */ = {isa = PBXBuildFile; fileRef = 386D4CF51CD1B2F10066CFCE /* OperationSub.m */; };
		386D4CF91CD1B34C0066CFCE /* OpreationFactory.m in Sources */ = {isa = PBXBuildFile; fileRef = 386D4CF81CD1B34C0066CFCE /* OpreationFactory.m */; };
		386D4D011CD1E3050066CFCE /* ZWFmOperation.m in Sources */ = {isa = PBXBuildFile; fileRef = 386D4D001CD1E3050066CFCE /* ZWFmOperation.m */; };
		386D4D041CD1E3610066CFCE /* ZWFmOperationAdd.m in Sources */ = {isa = PBXBuildFile; fileRef = 386D4D031CD1E3610066CFCE /* ZWFmOperationAdd.m */; };
		386D4D071CD1E3810066CFCE /* ZWFmOperationSub.m in Sources */ = {isa = PBXBuildFile; fileRef = 386D4D061CD1E3810066CFCE /* ZWFmOperationSub.m */; };
		386D4D0A1CD1E3B30066CFCE /* ZWFmFactory.m in Sources */ = {isa = PBXBuildFile; fileRef = 386D4D091CD1E3B30066CFCE /* ZWFmFactory.m */; };
		386D4D0D1CD219790066CFCE /* ZWFmFactoryAdd.m in Sources */ = {isa = PBXBuildFile; fileRef = 386D4D0C1CD219790066CFCE /* ZWFmFactoryAdd.m */; };
		386F5BD81DBF4233000156C8 /* ZWWillMoveToSuperViewController.m in Sources */ = {isa = PBXBuildFile; fileRef = 386F5BD71DBF4233000156C8 /* ZWWillMoveToSuperViewController.m */; };
		386F5BDB1DBF427D000156C8 /* ZWMoveToSuperView.m in Sources */ = {isa = PBXBuildFile; fileRef = 386F5BDA1DBF427D000156C8 /* ZWMoveToSuperView.m */; };
		3877302B1CBF55B500FCE93E /* ZWLeakViewController.m in Sources */ = {isa = PBXBuildFile; fileRef = 3877302A1CBF55B500FCE93E /* ZWLeakViewController.m */; };
		3877302E1CBF55D200FCE93E /* ZWHandler.m in Sources */ = {isa = PBXBuildFile; fileRef = 3877302D1CBF55D200FCE93E /* ZWHandler.m */; };
		387730371CC0F33B00FCE93E /* ZWBlockViewController.m in Sources */ = {isa = PBXBuildFile; fileRef = 387730361CC0F33B00FCE93E /* ZWBlockViewController.m */; };
		387730601CC34C5A00FCE93E /* ZWObject.m in Sources */ = {isa = PBXBuildFile; fileRef = 3877305F1CC34C5A00FCE93E /* ZWObject.m */; };
		388683271DADCFB2005A344B /* ZWResponderChainViewController.m in Sources */ = {isa = PBXBuildFile; fileRef = 388683261DADCFB2005A344B /* ZWResponderChainViewController.m */; };
		3886832B1DADD551005A344B /* ZWResponderChainView.m in Sources */ = {isa = PBXBuildFile; fileRef = 3886832A1DADD551005A344B /* ZWResponderChainView.m */; };
		3886832E1DB087FA005A344B /* ZWTimerViewController.m in Sources */ = {isa = PBXBuildFile; fileRef = 3886832D1DB087FA005A344B /* ZWTimerViewController.m */; };
		38B065CC1DBF45BD00085E14 /* ZWSubMoveToSuperView.m in Sources */ = {isa = PBXBuildFile; fileRef = 38B065CB1DBF45BD00085E14 /* ZWSubMoveToSuperView.m */; };
/* End PBXBuildFile section */

/* Begin PBXContainerItemProxy section */
		380FF6FA1CBC934300EF1528 /* PBXContainerItemProxy */ = {
			isa = PBXContainerItemProxy;
			containerPortal = 380FF6D81CBC934200EF1528 /* Project object */;
			proxyType = 1;
			remoteGlobalIDString = 380FF6DF1CBC934200EF1528;
			remoteInfo = ZWTestProject;
		};
		380FF7051CBC934300EF1528 /* PBXContainerItemProxy */ = {
			isa = PBXContainerItemProxy;
			containerPortal = 380FF6D81CBC934200EF1528 /* Project object */;
			proxyType = 1;
			remoteGlobalIDString = 380FF6DF1CBC934200EF1528;
			remoteInfo = ZWTestProject;
		};
/* End PBXContainerItemProxy section */

/* Begin PBXFileReference section */
		380B7DEA1D17CFB4008B4177 /* ZWCollectionViewCell.h */ = {isa = PBXFileReference; fileEncoding = 4; lastKnownFileType = sourcecode.c.h; path = ZWCollectionViewCell.h; sourceTree = "<group>"; };
		380B7DEB1D17CFB4008B4177 /* ZWCollectionViewCell.m */ = {isa = PBXFileReference; fileEncoding = 4; lastKnownFileType = sourcecode.c.objc; path = ZWCollectionViewCell.m; sourceTree = "<group>"; };
		380B7DEC1D17CFB4008B4177 /* ZWCollectionViewCell.xib */ = {isa = PBXFileReference; fileEncoding = 4; lastKnownFileType = file.xib; path = ZWCollectionViewCell.xib; sourceTree = "<group>"; };
		380B7DEF1D18D5E4008B4177 /* ZWSupplementaryView.h */ = {isa = PBXFileReference; fileEncoding = 4; lastKnownFileType = sourcecode.c.h; path = ZWSupplementaryView.h; sourceTree = "<group>"; };
		380B7DF01D18D5E4008B4177 /* ZWSupplementaryView.m */ = {isa = PBXFileReference; fileEncoding = 4; lastKnownFileType = sourcecode.c.objc; path = ZWSupplementaryView.m; sourceTree = "<group>"; };
		380B7DF21D18EAFE008B4177 /* ZWCustomCollectViewController.h */ = {isa = PBXFileReference; fileEncoding = 4; lastKnownFileType = sourcecode.c.h; path = ZWCustomCollectViewController.h; sourceTree = "<group>"; };
		380B7DF31D18EAFE008B4177 /* ZWCustomCollectViewController.m */ = {isa = PBXFileReference; fileEncoding = 4; lastKnownFileType = sourcecode.c.objc; path = ZWCustomCollectViewController.m; sourceTree = "<group>"; };
		380FF6E01CBC934200EF1528 /* ZWTestProject.app */ = {isa = PBXFileReference; explicitFileType = wrapper.application; includeInIndex = 0; path = ZWTestProject.app; sourceTree = BUILT_PRODUCTS_DIR; };
		380FF6E41CBC934200EF1528 /* main.m */ = {isa = PBXFileReference; lastKnownFileType = sourcecode.c.objc; path = main.m; sourceTree = "<group>"; };
		380FF6E61CBC934200EF1528 /* AppDelegate.h */ = {isa = PBXFileReference; lastKnownFileType = sourcecode.c.h; path = AppDelegate.h; sourceTree = "<group>"; };
		380FF6E71CBC934200EF1528 /* AppDelegate.m */ = {isa = PBXFileReference; lastKnownFileType = sourcecode.c.objc; path = AppDelegate.m; sourceTree = "<group>"; };
		380FF6ED1CBC934200EF1528 /* Base */ = {isa = PBXFileReference; lastKnownFileType = file.storyboard; name = Base; path = Base.lproj/Main.storyboard; sourceTree = "<group>"; };
		380FF6EF1CBC934200EF1528 /* Assets.xcassets */ = {isa = PBXFileReference; lastKnownFileType = folder.assetcatalog; path = Assets.xcassets; sourceTree = "<group>"; };
		380FF6F21CBC934200EF1528 /* Base */ = {isa = PBXFileReference; lastKnownFileType = file.storyboard; name = Base; path = Base.lproj/LaunchScreen.storyboard; sourceTree = "<group>"; };
		380FF6F41CBC934200EF1528 /* Info.plist */ = {isa = PBXFileReference; lastKnownFileType = text.plist.xml; path = Info.plist; sourceTree = "<group>"; };
		380FF6F91CBC934300EF1528 /* ZWTestProjectTests.xctest */ = {isa = PBXFileReference; explicitFileType = wrapper.cfbundle; includeInIndex = 0; path = ZWTestProjectTests.xctest; sourceTree = BUILT_PRODUCTS_DIR; };
		380FF6FD1CBC934300EF1528 /* ZWTestProjectTests.m */ = {isa = PBXFileReference; lastKnownFileType = sourcecode.c.objc; path = ZWTestProjectTests.m; sourceTree = "<group>"; };
		380FF6FF1CBC934300EF1528 /* Info.plist */ = {isa = PBXFileReference; lastKnownFileType = text.plist.xml; path = Info.plist; sourceTree = "<group>"; };
		380FF7041CBC934300EF1528 /* ZWTestProjectUITests.xctest */ = {isa = PBXFileReference; explicitFileType = wrapper.cfbundle; includeInIndex = 0; path = ZWTestProjectUITests.xctest; sourceTree = BUILT_PRODUCTS_DIR; };
		380FF7081CBC934300EF1528 /* ZWTestProjectUITests.m */ = {isa = PBXFileReference; lastKnownFileType = sourcecode.c.objc; path = ZWTestProjectUITests.m; sourceTree = "<group>"; };
		380FF70A1CBC934300EF1528 /* Info.plist */ = {isa = PBXFileReference; lastKnownFileType = text.plist.xml; path = Info.plist; sourceTree = "<group>"; };
		380FF7171CBCA3AC00EF1528 /* ZWBaseViewController.h */ = {isa = PBXFileReference; fileEncoding = 4; lastKnownFileType = sourcecode.c.h; path = ZWBaseViewController.h; sourceTree = "<group>"; };
		380FF7181CBCA3AC00EF1528 /* ZWBaseViewController.m */ = {isa = PBXFileReference; fileEncoding = 4; lastKnownFileType = sourcecode.c.objc; path = ZWBaseViewController.m; sourceTree = "<group>"; };
		380FF71A1CBCA79E00EF1528 /* MainViewController.h */ = {isa = PBXFileReference; fileEncoding = 4; lastKnownFileType = sourcecode.c.h; path = MainViewController.h; sourceTree = "<group>"; };
		380FF71B1CBCA79E00EF1528 /* MainViewController.m */ = {isa = PBXFileReference; fileEncoding = 4; lastKnownFileType = sourcecode.c.objc; path = MainViewController.m; sourceTree = "<group>"; };
		380FF71D1CBCA7DE00EF1528 /* ZWBaseNavgationViewController.h */ = {isa = PBXFileReference; fileEncoding = 4; lastKnownFileType = sourcecode.c.h; path = ZWBaseNavgationViewController.h; sourceTree = "<group>"; };
		380FF71E1CBCA7DE00EF1528 /* ZWBaseNavgationViewController.m */ = {isa = PBXFileReference; fileEncoding = 4; lastKnownFileType = sourcecode.c.objc; path = ZWBaseNavgationViewController.m; sourceTree = "<group>"; };
		380FF7221CBCAB4300EF1528 /* UIView+Additions.h */ = {isa = PBXFileReference; fileEncoding = 4; lastKnownFileType = sourcecode.c.h; path = "UIView+Additions.h"; sourceTree = "<group>"; };
		380FF7231CBCAB4300EF1528 /* UIView+Additions.m */ = {isa = PBXFileReference; fileEncoding = 4; lastKnownFileType = sourcecode.c.objc; path = "UIView+Additions.m"; sourceTree = "<group>"; };
		380FF7251CBCAC8100EF1528 /* ZWTestProject-PrefixHeader.pch */ = {isa = PBXFileReference; lastKnownFileType = sourcecode.c.h; path = "ZWTestProject-PrefixHeader.pch"; sourceTree = "<group>"; };
		380FF7261CBCAF3300EF1528 /* ZWAssociatedViewController.h */ = {isa = PBXFileReference; fileEncoding = 4; lastKnownFileType = sourcecode.c.h; path = ZWAssociatedViewController.h; sourceTree = "<group>"; };
		380FF7271CBCAF3300EF1528 /* ZWAssociatedViewController.m */ = {isa = PBXFileReference; fileEncoding = 4; lastKnownFileType = sourcecode.c.objc; path = ZWAssociatedViewController.m; sourceTree = "<group>"; };
		380FF7291CBCF37800EF1528 /* ZWRuntimeViewController.h */ = {isa = PBXFileReference; fileEncoding = 4; lastKnownFileType = sourcecode.c.h; path = ZWRuntimeViewController.h; sourceTree = "<group>"; };
		380FF72A1CBCF37800EF1528 /* ZWRuntimeViewController.m */ = {isa = PBXFileReference; fileEncoding = 4; lastKnownFileType = sourcecode.c.objc; path = ZWRuntimeViewController.m; sourceTree = "<group>"; };
		380FF7FB1CBE176600EF1528 /* ZWForwardInvocationViewController.h */ = {isa = PBXFileReference; fileEncoding = 4; lastKnownFileType = sourcecode.c.h; path = ZWForwardInvocationViewController.h; sourceTree = "<group>"; };
		380FF7FC1CBE176600EF1528 /* ZWForwardInvocationViewController.m */ = {isa = PBXFileReference; fileEncoding = 4; lastKnownFileType = sourcecode.c.objc; path = ZWForwardInvocationViewController.m; sourceTree = "<group>"; };
		380FF80A1CBE4FBF00EF1528 /* UIViewController+ExchangeImplemations.h */ = {isa = PBXFileReference; fileEncoding = 4; lastKnownFileType = sourcecode.c.h; path = "UIViewController+ExchangeImplemations.h"; sourceTree = "<group>"; };
		380FF80B1CBE4FBF00EF1528 /* UIViewController+ExchangeImplemations.m */ = {isa = PBXFileReference; fileEncoding = 4; lastKnownFileType = sourcecode.c.objc; path = "UIViewController+ExchangeImplemations.m"; sourceTree = "<group>"; };
		381044091D13E534008428C8 /* ZWCollectionViewController.h */ = {isa = PBXFileReference; fileEncoding = 4; lastKnownFileType = sourcecode.c.h; path = ZWCollectionViewController.h; sourceTree = "<group>"; };
		3810440A1D13E534008428C8 /* ZWCollectionViewController.m */ = {isa = PBXFileReference; fileEncoding = 4; lastKnownFileType = sourcecode.c.objc; path = ZWCollectionViewController.m; sourceTree = "<group>"; };
		3816F90F1CC4BFC60007616E /* ZWTabBarController.h */ = {isa = PBXFileReference; fileEncoding = 4; lastKnownFileType = sourcecode.c.h; path = ZWTabBarController.h; sourceTree = "<group>"; };
		3816F9101CC4BFC60007616E /* ZWTabBarController.m */ = {isa = PBXFileReference; fileEncoding = 4; lastKnownFileType = sourcecode.c.objc; path = ZWTabBarController.m; sourceTree = "<group>"; };
		3816F9161CC5D5680007616E /* WebViewJavascriptBridge.h */ = {isa = PBXFileReference; fileEncoding = 4; lastKnownFileType = sourcecode.c.h; path = WebViewJavascriptBridge.h; sourceTree = "<group>"; };
		3816F9171CC5D5680007616E /* WebViewJavascriptBridge.m */ = {isa = PBXFileReference; fileEncoding = 4; lastKnownFileType = sourcecode.c.objc; path = WebViewJavascriptBridge.m; sourceTree = "<group>"; };
		3816F9181CC5D5680007616E /* WebViewJavascriptBridge_JS.h */ = {isa = PBXFileReference; fileEncoding = 4; lastKnownFileType = sourcecode.c.h; path = WebViewJavascriptBridge_JS.h; sourceTree = "<group>"; };
		3816F9191CC5D5680007616E /* WebViewJavascriptBridge_JS.m */ = {isa = PBXFileReference; fileEncoding = 4; lastKnownFileType = sourcecode.c.objc; path = WebViewJavascriptBridge_JS.m; sourceTree = "<group>"; };
		3816F91A1CC5D5680007616E /* WebViewJavascriptBridgeBase.h */ = {isa = PBXFileReference; fileEncoding = 4; lastKnownFileType = sourcecode.c.h; path = WebViewJavascriptBridgeBase.h; sourceTree = "<group>"; };
		3816F91B1CC5D5680007616E /* WebViewJavascriptBridgeBase.m */ = {isa = PBXFileReference; fileEncoding = 4; lastKnownFileType = sourcecode.c.objc; path = WebViewJavascriptBridgeBase.m; sourceTree = "<group>"; };
		3816F91C1CC5D5680007616E /* WKWebViewJavascriptBridge.h */ = {isa = PBXFileReference; fileEncoding = 4; lastKnownFileType = sourcecode.c.h; path = WKWebViewJavascriptBridge.h; sourceTree = "<group>"; };
		3816F91D1CC5D5680007616E /* WKWebViewJavascriptBridge.m */ = {isa = PBXFileReference; fileEncoding = 4; lastKnownFileType = sourcecode.c.objc; path = WKWebViewJavascriptBridge.m; sourceTree = "<group>"; };
		3816F9221CC5D5A00007616E /* ZWWebViewJavascriptBridgeController.h */ = {isa = PBXFileReference; fileEncoding = 4; lastKnownFileType = sourcecode.c.h; path = ZWWebViewJavascriptBridgeController.h; sourceTree = "<group>"; };
		3816F9231CC5D5A00007616E /* ZWWebViewJavascriptBridgeController.m */ = {isa = PBXFileReference; fileEncoding = 4; lastKnownFileType = sourcecode.c.objc; path = ZWWebViewJavascriptBridgeController.m; sourceTree = "<group>"; };
		3816F9261CC5D62F0007616E /* ExampleApp.html */ = {isa = PBXFileReference; fileEncoding = 4; lastKnownFileType = text.html; path = ExampleApp.html; sourceTree = "<group>"; };
		3816F9281CC5DC8C0007616E /* ZWWebViewTestViewController.h */ = {isa = PBXFileReference; fileEncoding = 4; lastKnownFileType = sourcecode.c.h; path = ZWWebViewTestViewController.h; sourceTree = "<group>"; };
		3816F9291CC5DC8C0007616E /* ZWWebViewTestViewController.m */ = {isa = PBXFileReference; fileEncoding = 4; lastKnownFileType = sourcecode.c.objc; path = ZWWebViewTestViewController.m; sourceTree = "<group>"; };
		381796491CC8A675004F060F /* ZWPhotoBrowserViewController.h */ = {isa = PBXFileReference; fileEncoding = 4; lastKnownFileType = sourcecode.c.h; path = ZWPhotoBrowserViewController.h; sourceTree = "<group>"; };
		3817964A1CC8A675004F060F /* ZWPhotoBrowserViewController.m */ = {isa = PBXFileReference; fileEncoding = 4; lastKnownFileType = sourcecode.c.objc; path = ZWPhotoBrowserViewController.m; sourceTree = "<group>"; };
		3817969C1CC9E9F4004F060F /* ZWScrollViewTestViewController.h */ = {isa = PBXFileReference; fileEncoding = 4; lastKnownFileType = sourcecode.c.h; path = ZWScrollViewTestViewController.h; sourceTree = "<group>"; };
		3817969D1CC9E9F4004F060F /* ZWScrollViewTestViewController.m */ = {isa = PBXFileReference; fileEncoding = 4; lastKnownFileType = sourcecode.c.objc; path = ZWScrollViewTestViewController.m; sourceTree = "<group>"; };
		381796A01CCA1652004F060F /* MKAnnotationView+WebCache.h */ = {isa = PBXFileReference; fileEncoding = 4; lastKnownFileType = sourcecode.c.h; path = "MKAnnotationView+WebCache.h"; sourceTree = "<group>"; };
		381796A11CCA1652004F060F /* MKAnnotationView+WebCache.m */ = {isa = PBXFileReference; fileEncoding = 4; lastKnownFileType = sourcecode.c.objc; path = "MKAnnotationView+WebCache.m"; sourceTree = "<group>"; };
		381796A21CCA1652004F060F /* NSData+ImageContentType.h */ = {isa = PBXFileReference; fileEncoding = 4; lastKnownFileType = sourcecode.c.h; path = "NSData+ImageContentType.h"; sourceTree = "<group>"; };
		381796A31CCA1652004F060F /* NSData+ImageContentType.m */ = {isa = PBXFileReference; fileEncoding = 4; lastKnownFileType = sourcecode.c.objc; path = "NSData+ImageContentType.m"; sourceTree = "<group>"; };
		381796A41CCA1652004F060F /* SDImageCache.h */ = {isa = PBXFileReference; fileEncoding = 4; lastKnownFileType = sourcecode.c.h; path = SDImageCache.h; sourceTree = "<group>"; };
		381796A51CCA1652004F060F /* SDImageCache.m */ = {isa = PBXFileReference; fileEncoding = 4; lastKnownFileType = sourcecode.c.objc; path = SDImageCache.m; sourceTree = "<group>"; };
		381796A61CCA1652004F060F /* SDWebImageCompat.h */ = {isa = PBXFileReference; fileEncoding = 4; lastKnownFileType = sourcecode.c.h; path = SDWebImageCompat.h; sourceTree = "<group>"; };
		381796A71CCA1652004F060F /* SDWebImageCompat.m */ = {isa = PBXFileReference; fileEncoding = 4; lastKnownFileType = sourcecode.c.objc; path = SDWebImageCompat.m; sourceTree = "<group>"; };
		381796A81CCA1652004F060F /* SDWebImageDecoder.h */ = {isa = PBXFileReference; fileEncoding = 4; lastKnownFileType = sourcecode.c.h; path = SDWebImageDecoder.h; sourceTree = "<group>"; };
		381796A91CCA1652004F060F /* SDWebImageDecoder.m */ = {isa = PBXFileReference; fileEncoding = 4; lastKnownFileType = sourcecode.c.objc; path = SDWebImageDecoder.m; sourceTree = "<group>"; };
		381796AA1CCA1652004F060F /* SDWebImageDownloader.h */ = {isa = PBXFileReference; fileEncoding = 4; lastKnownFileType = sourcecode.c.h; path = SDWebImageDownloader.h; sourceTree = "<group>"; };
		381796AB1CCA1652004F060F /* SDWebImageDownloader.m */ = {isa = PBXFileReference; fileEncoding = 4; lastKnownFileType = sourcecode.c.objc; path = SDWebImageDownloader.m; sourceTree = "<group>"; };
		381796AC1CCA1652004F060F /* SDWebImageDownloaderOperation.h */ = {isa = PBXFileReference; fileEncoding = 4; lastKnownFileType = sourcecode.c.h; path = SDWebImageDownloaderOperation.h; sourceTree = "<group>"; };
		381796AD1CCA1652004F060F /* SDWebImageDownloaderOperation.m */ = {isa = PBXFileReference; fileEncoding = 4; lastKnownFileType = sourcecode.c.objc; path = SDWebImageDownloaderOperation.m; sourceTree = "<group>"; };
		381796AE1CCA1652004F060F /* SDWebImageManager.h */ = {isa = PBXFileReference; fileEncoding = 4; lastKnownFileType = sourcecode.c.h; path = SDWebImageManager.h; sourceTree = "<group>"; };
		381796AF1CCA1652004F060F /* SDWebImageManager.m */ = {isa = PBXFileReference; fileEncoding = 4; lastKnownFileType = sourcecode.c.objc; path = SDWebImageManager.m; sourceTree = "<group>"; };
		381796B01CCA1652004F060F /* SDWebImageOperation.h */ = {isa = PBXFileReference; fileEncoding = 4; lastKnownFileType = sourcecode.c.h; path = SDWebImageOperation.h; sourceTree = "<group>"; };
		381796B11CCA1652004F060F /* SDWebImagePrefetcher.h */ = {isa = PBXFileReference; fileEncoding = 4; lastKnownFileType = sourcecode.c.h; path = SDWebImagePrefetcher.h; sourceTree = "<group>"; };
		381796B21CCA1652004F060F /* SDWebImagePrefetcher.m */ = {isa = PBXFileReference; fileEncoding = 4; lastKnownFileType = sourcecode.c.objc; path = SDWebImagePrefetcher.m; sourceTree = "<group>"; };
		381796B31CCA1652004F060F /* UIButton+WebCache.h */ = {isa = PBXFileReference; fileEncoding = 4; lastKnownFileType = sourcecode.c.h; path = "UIButton+WebCache.h"; sourceTree = "<group>"; };
		381796B41CCA1652004F060F /* UIButton+WebCache.m */ = {isa = PBXFileReference; fileEncoding = 4; lastKnownFileType = sourcecode.c.objc; path = "UIButton+WebCache.m"; sourceTree = "<group>"; };
		381796B51CCA1652004F060F /* UIImage+GIF.h */ = {isa = PBXFileReference; fileEncoding = 4; lastKnownFileType = sourcecode.c.h; path = "UIImage+GIF.h"; sourceTree = "<group>"; };
		381796B61CCA1652004F060F /* UIImage+GIF.m */ = {isa = PBXFileReference; fileEncoding = 4; lastKnownFileType = sourcecode.c.objc; path = "UIImage+GIF.m"; sourceTree = "<group>"; };
		381796B71CCA1652004F060F /* UIImage+MultiFormat.h */ = {isa = PBXFileReference; fileEncoding = 4; lastKnownFileType = sourcecode.c.h; path = "UIImage+MultiFormat.h"; sourceTree = "<group>"; };
		381796B81CCA1652004F060F /* UIImage+MultiFormat.m */ = {isa = PBXFileReference; fileEncoding = 4; lastKnownFileType = sourcecode.c.objc; path = "UIImage+MultiFormat.m"; sourceTree = "<group>"; };
		381796B91CCA1652004F060F /* UIImage+WebP.h */ = {isa = PBXFileReference; fileEncoding = 4; lastKnownFileType = sourcecode.c.h; path = "UIImage+WebP.h"; sourceTree = "<group>"; };
		381796BA1CCA1652004F060F /* UIImage+WebP.m */ = {isa = PBXFileReference; fileEncoding = 4; lastKnownFileType = sourcecode.c.objc; path = "UIImage+WebP.m"; sourceTree = "<group>"; };
		381796BB1CCA1652004F060F /* UIImageView+HighlightedWebCache.h */ = {isa = PBXFileReference; fileEncoding = 4; lastKnownFileType = sourcecode.c.h; path = "UIImageView+HighlightedWebCache.h"; sourceTree = "<group>"; };
		381796BC1CCA1652004F060F /* UIImageView+HighlightedWebCache.m */ = {isa = PBXFileReference; fileEncoding = 4; lastKnownFileType = sourcecode.c.objc; path = "UIImageView+HighlightedWebCache.m"; sourceTree = "<group>"; };
		381796BD1CCA1652004F060F /* UIImageView+WebCache.h */ = {isa = PBXFileReference; fileEncoding = 4; lastKnownFileType = sourcecode.c.h; path = "UIImageView+WebCache.h"; sourceTree = "<group>"; };
		381796BE1CCA1652004F060F /* UIImageView+WebCache.m */ = {isa = PBXFileReference; fileEncoding = 4; lastKnownFileType = sourcecode.c.objc; path = "UIImageView+WebCache.m"; sourceTree = "<group>"; };
		381796BF1CCA1652004F060F /* UIView+WebCacheOperation.h */ = {isa = PBXFileReference; fileEncoding = 4; lastKnownFileType = sourcecode.c.h; path = "UIView+WebCacheOperation.h"; sourceTree = "<group>"; };
		381796C01CCA1652004F060F /* UIView+WebCacheOperation.m */ = {isa = PBXFileReference; fileEncoding = 4; lastKnownFileType = sourcecode.c.objc; path = "UIView+WebCacheOperation.m"; sourceTree = "<group>"; };
		381796D31CCBA6E8004F060F /* ZWPhotoBrowserController.h */ = {isa = PBXFileReference; fileEncoding = 4; lastKnownFileType = sourcecode.c.h; path = ZWPhotoBrowserController.h; sourceTree = "<group>"; };
		381796D41CCBA6E8004F060F /* ZWPhotoBrowserController.m */ = {isa = PBXFileReference; fileEncoding = 4; lastKnownFileType = sourcecode.c.objc; path = ZWPhotoBrowserController.m; sourceTree = "<group>"; };
		381796D61CCBA761004F060F /* ZWPhoto.h */ = {isa = PBXFileReference; fileEncoding = 4; lastKnownFileType = sourcecode.c.h; path = ZWPhoto.h; sourceTree = "<group>"; };
		381796D71CCBA761004F060F /* ZWPhoto.m */ = {isa = PBXFileReference; fileEncoding = 4; lastKnownFileType = sourcecode.c.objc; path = ZWPhoto.m; sourceTree = "<group>"; };
		381796D91CCBAAE5004F060F /* ZWPhotoView.h */ = {isa = PBXFileReference; fileEncoding = 4; lastKnownFileType = sourcecode.c.h; path = ZWPhotoView.h; sourceTree = "<group>"; };
		381796DA1CCBAAE5004F060F /* ZWPhotoView.m */ = {isa = PBXFileReference; fileEncoding = 4; lastKnownFileType = sourcecode.c.objc; path = ZWPhotoView.m; sourceTree = "<group>"; };
		381796DF1CCBAD24004F060F /* SDWebImageManager+ZWAdditions.h */ = {isa = PBXFileReference; fileEncoding = 4; lastKnownFileType = sourcecode.c.h; path = "SDWebImageManager+ZWAdditions.h"; sourceTree = "<group>"; };
		381796E01CCBAD24004F060F /* SDWebImageManager+ZWAdditions.m */ = {isa = PBXFileReference; fileEncoding = 4; lastKnownFileType = sourcecode.c.objc; path = "SDWebImageManager+ZWAdditions.m"; sourceTree = "<group>"; };
		381796E21CCD2411004F060F /* ZWToolbar.h */ = {isa = PBXFileReference; fileEncoding = 4; lastKnownFileType = sourcecode.c.h; path = ZWToolbar.h; sourceTree = "<group>"; };
		381796E31CCD2411004F060F /* ZWToolbar.m */ = {isa = PBXFileReference; fileEncoding = 4; lastKnownFileType = sourcecode.c.objc; path = ZWToolbar.m; sourceTree = "<group>"; };
		381796E51CCDC95C004F060F /* ZWLoadingView.h */ = {isa = PBXFileReference; fileEncoding = 4; lastKnownFileType = sourcecode.c.h; path = ZWLoadingView.h; sourceTree = "<group>"; };
		381796E61CCDC95C004F060F /* ZWLoadingView.m */ = {isa = PBXFileReference; fileEncoding = 4; lastKnownFileType = sourcecode.c.objc; path = ZWLoadingView.m; sourceTree = "<group>"; };
		381796EC1CCF189F004F060F /* animal_city1.jpg */ = {isa = PBXFileReference; lastKnownFileType = image.jpeg; path = animal_city1.jpg; sourceTree = "<group>"; };
		381796EF1CCF3BCE004F060F /* timeline_image_loading@2x.png */ = {isa = PBXFileReference; lastKnownFileType = image.png; path = "timeline_image_loading@2x.png"; sourceTree = "<group>"; };
		381D855A1CEAAC610058B2FE /* ZWPhoneCallViewController.h */ = {isa = PBXFileReference; fileEncoding = 4; lastKnownFileType = sourcecode.c.h; path = ZWPhoneCallViewController.h; sourceTree = "<group>"; };
		381D855B1CEAAC610058B2FE /* ZWPhoneCallViewController.m */ = {isa = PBXFileReference; fileEncoding = 4; lastKnownFileType = sourcecode.c.objc; path = ZWPhoneCallViewController.m; sourceTree = "<group>"; };
		382AE79A1CD3414600A2472F /* ZWFmFactorySub.h */ = {isa = PBXFileReference; fileEncoding = 4; lastKnownFileType = sourcecode.c.h; path = ZWFmFactorySub.h; sourceTree = "<group>"; };
		382AE79B1CD3414600A2472F /* ZWFmFactorySub.m */ = {isa = PBXFileReference; fileEncoding = 4; lastKnownFileType = sourcecode.c.objc; path = ZWFmFactorySub.m; sourceTree = "<group>"; };
		382AE79D1CD4888B00A2472F /* ZWCalculateFunViewController.h */ = {isa = PBXFileReference; fileEncoding = 4; lastKnownFileType = sourcecode.c.h; path = ZWCalculateFunViewController.h; sourceTree = "<group>"; };
		382AE79E1CD4888B00A2472F /* ZWCalculateFunViewController.m */ = {isa = PBXFileReference; fileEncoding = 4; lastKnownFileType = sourcecode.c.objc; path = ZWCalculateFunViewController.m; sourceTree = "<group>"; };
		38336BB81D179400002BA291 /* ZWWaterFlowLayout.h */ = {isa = PBXFileReference; fileEncoding = 4; lastKnownFileType = sourcecode.c.h; path = ZWWaterFlowLayout.h; sourceTree = "<group>"; };
		38336BB91D179400002BA291 /* ZWWaterFlowLayout.m */ = {isa = PBXFileReference; fileEncoding = 4; lastKnownFileType = sourcecode.c.objc; path = ZWWaterFlowLayout.m; sourceTree = "<group>"; };
		38336BBB1D179438002BA291 /* ZWPhotoCell.h */ = {isa = PBXFileReference; fileEncoding = 4; lastKnownFileType = sourcecode.c.h; path = ZWPhotoCell.h; sourceTree = "<group>"; };
		38336BBC1D179439002BA291 /* ZWPhotoCell.m */ = {isa = PBXFileReference; fileEncoding = 4; lastKnownFileType = sourcecode.c.objc; path = ZWPhotoCell.m; sourceTree = "<group>"; };
		385CAD6C1CFE8F0800BD4F1B /* ZWLabelViewController.h */ = {isa = PBXFileReference; fileEncoding = 4; lastKnownFileType = sourcecode.c.h; path = ZWLabelViewController.h; sourceTree = "<group>"; };
		385CAD6D1CFE8F0800BD4F1B /* ZWLabelViewController.m */ = {isa = PBXFileReference; fileEncoding = 4; lastKnownFileType = sourcecode.c.objc; path = ZWLabelViewController.m; sourceTree = "<group>"; };
		385FCF8D1CE315280095C271 /* ZWPickerViewController.h */ = {isa = PBXFileReference; fileEncoding = 4; lastKnownFileType = sourcecode.c.h; path = ZWPickerViewController.h; sourceTree = "<group>"; };
		385FCF8E1CE315280095C271 /* ZWPickerViewController.m */ = {isa = PBXFileReference; fileEncoding = 4; lastKnownFileType = sourcecode.c.objc; path = ZWPickerViewController.m; sourceTree = "<group>"; };
		386D4CC71CD086F00066CFCE /* ZWSdWebImageTestViewController.h */ = {isa = PBXFileReference; fileEncoding = 4; lastKnownFileType = sourcecode.c.h; path = ZWSdWebImageTestViewController.h; sourceTree = "<group>"; };
		386D4CC81CD086F00066CFCE /* ZWSdWebImageTestViewController.m */ = {isa = PBXFileReference; fileEncoding = 4; lastKnownFileType = sourcecode.c.objc; path = ZWSdWebImageTestViewController.m; sourceTree = "<group>"; };
		386D4CCA1CD0B8270066CFCE /* ZWOprationViewController.h */ = {isa = PBXFileReference; fileEncoding = 4; lastKnownFileType = sourcecode.c.h; path = ZWOprationViewController.h; sourceTree = "<group>"; };
		386D4CCB1CD0B8270066CFCE /* ZWOprationViewController.m */ = {isa = PBXFileReference; fileEncoding = 4; lastKnownFileType = sourcecode.c.objc; path = ZWOprationViewController.m; sourceTree = "<group>"; };
		386D4CCD1CD0CAA00066CFCE /* ZWConcurrentOpration.h */ = {isa = PBXFileReference; fileEncoding = 4; lastKnownFileType = sourcecode.c.h; path = ZWConcurrentOpration.h; sourceTree = "<group>"; };
		386D4CCE1CD0CAA00066CFCE /* ZWConcurrentOpration.m */ = {isa = PBXFileReference; fileEncoding = 4; lastKnownFileType = sourcecode.c.objc; path = ZWConcurrentOpration.m; sourceTree = "<group>"; };
		386D4CD01CD0D9480066CFCE /* ZWGCDViewController.h */ = {isa = PBXFileReference; fileEncoding = 4; lastKnownFileType = sourcecode.c.h; path = ZWGCDViewController.h; sourceTree = "<group>"; };
		386D4CD11CD0D9480066CFCE /* ZWGCDViewController.m */ = {isa = PBXFileReference; fileEncoding = 4; lastKnownFileType = sourcecode.c.objc; path = ZWGCDViewController.m; sourceTree = "<group>"; };
		386D4CD31CD1A9F10066CFCE /* ZWBaseTableViewController.h */ = {isa = PBXFileReference; fileEncoding = 4; lastKnownFileType = sourcecode.c.h; path = ZWBaseTableViewController.h; sourceTree = "<group>"; };
		386D4CD41CD1A9F10066CFCE /* ZWBaseTableViewController.m */ = {isa = PBXFileReference; fileEncoding = 4; lastKnownFileType = sourcecode.c.objc; path = ZWBaseTableViewController.m; sourceTree = "<group>"; };
		386D4CE71CD1B01D0066CFCE /* ZWDesignPatternViewController.h */ = {isa = PBXFileReference; fileEncoding = 4; lastKnownFileType = sourcecode.c.h; path = ZWDesignPatternViewController.h; sourceTree = "<group>"; };
		386D4CE81CD1B01D0066CFCE /* ZWDesignPatternViewController.m */ = {isa = PBXFileReference; fileEncoding = 4; lastKnownFileType = sourcecode.c.objc; path = ZWDesignPatternViewController.m; sourceTree = "<group>"; };
		386D4CEB1CD1B1EF0066CFCE /* Operation.h */ = {isa = PBXFileReference; fileEncoding = 4; lastKnownFileType = sourcecode.c.h; path = Operation.h; sourceTree = "<group>"; };
		386D4CEC1CD1B1EF0066CFCE /* Operation.m */ = {isa = PBXFileReference; fileEncoding = 4; lastKnownFileType = sourcecode.c.objc; path = Operation.m; sourceTree = "<group>"; };
		386D4CF11CD1B2BD0066CFCE /* OperationAdd.h */ = {isa = PBXFileReference; fileEncoding = 4; lastKnownFileType = sourcecode.c.h; path = OperationAdd.h; sourceTree = "<group>"; };
		386D4CF21CD1B2BD0066CFCE /* OperationAdd.m */ = {isa = PBXFileReference; fileEncoding = 4; lastKnownFileType = sourcecode.c.objc; path = OperationAdd.m; sourceTree = "<group>"; };
		386D4CF41CD1B2F10066CFCE /* OperationSub.h */ = {isa = PBXFileReference; fileEncoding = 4; lastKnownFileType = sourcecode.c.h; path = OperationSub.h; sourceTree = "<group>"; };
		386D4CF51CD1B2F10066CFCE /* OperationSub.m */ = {isa = PBXFileReference; fileEncoding = 4; lastKnownFileType = sourcecode.c.objc; path = OperationSub.m; sourceTree = "<group>"; };
		386D4CF71CD1B34C0066CFCE /* OpreationFactory.h */ = {isa = PBXFileReference; fileEncoding = 4; lastKnownFileType = sourcecode.c.h; path = OpreationFactory.h; sourceTree = "<group>"; };
		386D4CF81CD1B34C0066CFCE /* OpreationFactory.m */ = {isa = PBXFileReference; fileEncoding = 4; lastKnownFileType = sourcecode.c.objc; path = OpreationFactory.m; sourceTree = "<group>"; };
		386D4CFF1CD1E3050066CFCE /* ZWFmOperation.h */ = {isa = PBXFileReference; fileEncoding = 4; lastKnownFileType = sourcecode.c.h; path = ZWFmOperation.h; sourceTree = "<group>"; };
		386D4D001CD1E3050066CFCE /* ZWFmOperation.m */ = {isa = PBXFileReference; fileEncoding = 4; lastKnownFileType = sourcecode.c.objc; path = ZWFmOperation.m; sourceTree = "<group>"; };
		386D4D021CD1E3610066CFCE /* ZWFmOperationAdd.h */ = {isa = PBXFileReference; fileEncoding = 4; lastKnownFileType = sourcecode.c.h; path = ZWFmOperationAdd.h; sourceTree = "<group>"; };
		386D4D031CD1E3610066CFCE /* ZWFmOperationAdd.m */ = {isa = PBXFileReference; fileEncoding = 4; lastKnownFileType = sourcecode.c.objc; path = ZWFmOperationAdd.m; sourceTree = "<group>"; };
		386D4D051CD1E3810066CFCE /* ZWFmOperationSub.h */ = {isa = PBXFileReference; fileEncoding = 4; lastKnownFileType = sourcecode.c.h; path = ZWFmOperationSub.h; sourceTree = "<group>"; };
		386D4D061CD1E3810066CFCE /* ZWFmOperationSub.m */ = {isa = PBXFileReference; fileEncoding = 4; lastKnownFileType = sourcecode.c.objc; path = ZWFmOperationSub.m; sourceTree = "<group>"; };
		386D4D081CD1E3B30066CFCE /* ZWFmFactory.h */ = {isa = PBXFileReference; fileEncoding = 4; lastKnownFileType = sourcecode.c.h; path = ZWFmFactory.h; sourceTree = "<group>"; };
		386D4D091CD1E3B30066CFCE /* ZWFmFactory.m */ = {isa = PBXFileReference; fileEncoding = 4; lastKnownFileType = sourcecode.c.objc; path = ZWFmFactory.m; sourceTree = "<group>"; };
		386D4D0B1CD219790066CFCE /* ZWFmFactoryAdd.h */ = {isa = PBXFileReference; fileEncoding = 4; lastKnownFileType = sourcecode.c.h; path = ZWFmFactoryAdd.h; sourceTree = "<group>"; };
		386D4D0C1CD219790066CFCE /* ZWFmFactoryAdd.m */ = {isa = PBXFileReference; fileEncoding = 4; lastKnownFileType = sourcecode.c.objc; path = ZWFmFactoryAdd.m; sourceTree = "<group>"; };
		386F5BD61DBF4233000156C8 /* ZWWillMoveToSuperViewController.h */ = {isa = PBXFileReference; fileEncoding = 4; lastKnownFileType = sourcecode.c.h; path = ZWWillMoveToSuperViewController.h; sourceTree = "<group>"; };
		386F5BD71DBF4233000156C8 /* ZWWillMoveToSuperViewController.m */ = {isa = PBXFileReference; fileEncoding = 4; lastKnownFileType = sourcecode.c.objc; path = ZWWillMoveToSuperViewController.m; sourceTree = "<group>"; };
		386F5BD91DBF427D000156C8 /* ZWMoveToSuperView.h */ = {isa = PBXFileReference; fileEncoding = 4; lastKnownFileType = sourcecode.c.h; path = ZWMoveToSuperView.h; sourceTree = "<group>"; };
		386F5BDA1DBF427D000156C8 /* ZWMoveToSuperView.m */ = {isa = PBXFileReference; fileEncoding = 4; lastKnownFileType = sourcecode.c.objc; path = ZWMoveToSuperView.m; sourceTree = "<group>"; };
		387730291CBF55B500FCE93E /* ZWLeakViewController.h */ = {isa = PBXFileReference; fileEncoding = 4; lastKnownFileType = sourcecode.c.h; path = ZWLeakViewController.h; sourceTree = "<group>"; };
		3877302A1CBF55B500FCE93E /* ZWLeakViewController.m */ = {isa = PBXFileReference; fileEncoding = 4; lastKnownFileType = sourcecode.c.objc; path = ZWLeakViewController.m; sourceTree = "<group>"; };
		3877302C1CBF55D200FCE93E /* ZWHandler.h */ = {isa = PBXFileReference; fileEncoding = 4; lastKnownFileType = sourcecode.c.h; path = ZWHandler.h; sourceTree = "<group>"; };
		3877302D1CBF55D200FCE93E /* ZWHandler.m */ = {isa = PBXFileReference; fileEncoding = 4; lastKnownFileType = sourcecode.c.objc; path = ZWHandler.m; sourceTree = "<group>"; };
		387730351CC0F33B00FCE93E /* ZWBlockViewController.h */ = {isa = PBXFileReference; fileEncoding = 4; lastKnownFileType = sourcecode.c.h; path = ZWBlockViewController.h; sourceTree = "<group>"; };
		387730361CC0F33B00FCE93E /* ZWBlockViewController.m */ = {isa = PBXFileReference; fileEncoding = 4; lastKnownFileType = sourcecode.c.objc; path = ZWBlockViewController.m; sourceTree = "<group>"; };
		3877305E1CC34C5A00FCE93E /* ZWObject.h */ = {isa = PBXFileReference; fileEncoding = 4; lastKnownFileType = sourcecode.c.h; path = ZWObject.h; sourceTree = "<group>"; };
		3877305F1CC34C5A00FCE93E /* ZWObject.m */ = {isa = PBXFileReference; fileEncoding = 4; lastKnownFileType = sourcecode.c.objc; path = ZWObject.m; sourceTree = "<group>"; };
		388683251DADCFB2005A344B /* ZWResponderChainViewController.h */ = {isa = PBXFileReference; fileEncoding = 4; lastKnownFileType = sourcecode.c.h; path = ZWResponderChainViewController.h; sourceTree = "<group>"; };
		388683261DADCFB2005A344B /* ZWResponderChainViewController.m */ = {isa = PBXFileReference; fileEncoding = 4; lastKnownFileType = sourcecode.c.objc; path = ZWResponderChainViewController.m; sourceTree = "<group>"; };
		388683291DADD551005A344B /* ZWResponderChainView.h */ = {isa = PBXFileReference; fileEncoding = 4; lastKnownFileType = sourcecode.c.h; path = ZWResponderChainView.h; sourceTree = "<group>"; };
		3886832A1DADD551005A344B /* ZWResponderChainView.m */ = {isa = PBXFileReference; fileEncoding = 4; lastKnownFileType = sourcecode.c.objc; path = ZWResponderChainView.m; sourceTree = "<group>"; };
		3886832C1DB087FA005A344B /* ZWTimerViewController.h */ = {isa = PBXFileReference; fileEncoding = 4; lastKnownFileType = sourcecode.c.h; path = ZWTimerViewController.h; sourceTree = "<group>"; };
		3886832D1DB087FA005A344B /* ZWTimerViewController.m */ = {isa = PBXFileReference; fileEncoding = 4; lastKnownFileType = sourcecode.c.objc; path = ZWTimerViewController.m; sourceTree = "<group>"; };
		38B065CA1DBF45BD00085E14 /* ZWSubMoveToSuperView.h */ = {isa = PBXFileReference; fileEncoding = 4; lastKnownFileType = sourcecode.c.h; path = ZWSubMoveToSuperView.h; sourceTree = "<group>"; };
		38B065CB1DBF45BD00085E14 /* ZWSubMoveToSuperView.m */ = {isa = PBXFileReference; fileEncoding = 4; lastKnownFileType = sourcecode.c.objc; path = ZWSubMoveToSuperView.m; sourceTree = "<group>"; };
/* End PBXFileReference section */

/* Begin PBXFrameworksBuildPhase section */
		380FF6DD1CBC934200EF1528 /* Frameworks */ = {
			isa = PBXFrameworksBuildPhase;
			buildActionMask = 2147483647;
			files = (
			);
			runOnlyForDeploymentPostprocessing = 0;
		};
		380FF6F61CBC934300EF1528 /* Frameworks */ = {
			isa = PBXFrameworksBuildPhase;
			buildActionMask = 2147483647;
			files = (
			);
			runOnlyForDeploymentPostprocessing = 0;
		};
		380FF7011CBC934300EF1528 /* Frameworks */ = {
			isa = PBXFrameworksBuildPhase;
			buildActionMask = 2147483647;
			files = (
			);
			runOnlyForDeploymentPostprocessing = 0;
		};
/* End PBXFrameworksBuildPhase section */

/* Begin PBXGroup section */
		380FF6D71CBC934200EF1528 = {
			isa = PBXGroup;
			children = (
				380FF6E21CBC934200EF1528 /* ZWTestProject */,
				380FF6FC1CBC934300EF1528 /* ZWTestProjectTests */,
				380FF7071CBC934300EF1528 /* ZWTestProjectUITests */,
				380FF6E11CBC934200EF1528 /* Products */,
			);
			sourceTree = "<group>";
		};
		380FF6E11CBC934200EF1528 /* Products */ = {
			isa = PBXGroup;
			children = (
				380FF6E01CBC934200EF1528 /* ZWTestProject.app */,
				380FF6F91CBC934300EF1528 /* ZWTestProjectTests.xctest */,
				380FF7041CBC934300EF1528 /* ZWTestProjectUITests.xctest */,
			);
			name = Products;
			sourceTree = "<group>";
		};
		380FF6E21CBC934200EF1528 /* ZWTestProject */ = {
			isa = PBXGroup;
			children = (
				388683281DADD525005A344B /* Views */,
				386D4CE51CD1B01D0066CFCE /* Test */,
				3817962E1CC8A5DA004F060F /* Refrence */,
				3816F9251CC5D6200007616E /* Resource */,
				3816F9151CC5D5680007616E /* WebViewJavascriptBridge */,
				380FF7211CBCAAF200EF1528 /* Additions */,
				380FF7161CBCA39300EF1528 /* BaseViewControler */,
				380FF6E61CBC934200EF1528 /* AppDelegate.h */,
				380FF6E71CBC934200EF1528 /* AppDelegate.m */,
				380FF71A1CBCA79E00EF1528 /* MainViewController.h */,
				380FF71B1CBCA79E00EF1528 /* MainViewController.m */,
				386F5BD61DBF4233000156C8 /* ZWWillMoveToSuperViewController.h */,
				386F5BD71DBF4233000156C8 /* ZWWillMoveToSuperViewController.m */,
				3886832C1DB087FA005A344B /* ZWTimerViewController.h */,
				3886832D1DB087FA005A344B /* ZWTimerViewController.m */,
				388683251DADCFB2005A344B /* ZWResponderChainViewController.h */,
				388683261DADCFB2005A344B /* ZWResponderChainViewController.m */,
				381D855A1CEAAC610058B2FE /* ZWPhoneCallViewController.h */,
				381D855B1CEAAC610058B2FE /* ZWPhoneCallViewController.m */,
				385FCF8D1CE315280095C271 /* ZWPickerViewController.h */,
				385FCF8E1CE315280095C271 /* ZWPickerViewController.m */,
				380FF7271CBCAF3300EF1528 /* ZWAssociatedViewController.m */,
				382AE79D1CD4888B00A2472F /* ZWCalculateFunViewController.h */,
				382AE79E1CD4888B00A2472F /* ZWCalculateFunViewController.m */,
				380FF7291CBCF37800EF1528 /* ZWRuntimeViewController.h */,
				380FF72A1CBCF37800EF1528 /* ZWRuntimeViewController.m */,
				380FF7FB1CBE176600EF1528 /* ZWForwardInvocationViewController.h */,
				380FF7FC1CBE176600EF1528 /* ZWForwardInvocationViewController.m */,
				380FF80A1CBE4FBF00EF1528 /* UIViewController+ExchangeImplemations.h */,
				380FF80B1CBE4FBF00EF1528 /* UIViewController+ExchangeImplemations.m */,
				387730291CBF55B500FCE93E /* ZWLeakViewController.h */,
				3877302A1CBF55B500FCE93E /* ZWLeakViewController.m */,
				387730351CC0F33B00FCE93E /* ZWBlockViewController.h */,
				387730361CC0F33B00FCE93E /* ZWBlockViewController.m */,
				380FF7261CBCAF3300EF1528 /* ZWAssociatedViewController.h */,
				3816F9221CC5D5A00007616E /* ZWWebViewJavascriptBridgeController.h */,
				3816F9231CC5D5A00007616E /* ZWWebViewJavascriptBridgeController.m */,
				3816F9281CC5DC8C0007616E /* ZWWebViewTestViewController.h */,
				3816F9291CC5DC8C0007616E /* ZWWebViewTestViewController.m */,
				381796491CC8A675004F060F /* ZWPhotoBrowserViewController.h */,
				3817964A1CC8A675004F060F /* ZWPhotoBrowserViewController.m */,
				3817969C1CC9E9F4004F060F /* ZWScrollViewTestViewController.h */,
				3817969D1CC9E9F4004F060F /* ZWScrollViewTestViewController.m */,
				386D4CC71CD086F00066CFCE /* ZWSdWebImageTestViewController.h */,
				386D4CC81CD086F00066CFCE /* ZWSdWebImageTestViewController.m */,
				386D4CCA1CD0B8270066CFCE /* ZWOprationViewController.h */,
				386D4CCB1CD0B8270066CFCE /* ZWOprationViewController.m */,
				386D4CCD1CD0CAA00066CFCE /* ZWConcurrentOpration.h */,
				386D4CCE1CD0CAA00066CFCE /* ZWConcurrentOpration.m */,
				386D4CD01CD0D9480066CFCE /* ZWGCDViewController.h */,
				386D4CD11CD0D9480066CFCE /* ZWGCDViewController.m */,
				385CAD6C1CFE8F0800BD4F1B /* ZWLabelViewController.h */,
				385CAD6D1CFE8F0800BD4F1B /* ZWLabelViewController.m */,
				381044091D13E534008428C8 /* ZWCollectionViewController.h */,
				3810440A1D13E534008428C8 /* ZWCollectionViewController.m */,
				380B7DF21D18EAFE008B4177 /* ZWCustomCollectViewController.h */,
				380B7DF31D18EAFE008B4177 /* ZWCustomCollectViewController.m */,
				38336BB81D179400002BA291 /* ZWWaterFlowLayout.h */,
				38336BB91D179400002BA291 /* ZWWaterFlowLayout.m */,
				38336BBB1D179438002BA291 /* ZWPhotoCell.h */,
				38336BBC1D179439002BA291 /* ZWPhotoCell.m */,
				380B7DEA1D17CFB4008B4177 /* ZWCollectionViewCell.h */,
				380B7DEB1D17CFB4008B4177 /* ZWCollectionViewCell.m */,
				380B7DEC1D17CFB4008B4177 /* ZWCollectionViewCell.xib */,
				380B7DEF1D18D5E4008B4177 /* ZWSupplementaryView.h */,
				380B7DF01D18D5E4008B4177 /* ZWSupplementaryView.m */,
				3877305E1CC34C5A00FCE93E /* ZWObject.h */,
				3877305F1CC34C5A00FCE93E /* ZWObject.m */,
				3877302C1CBF55D200FCE93E /* ZWHandler.h */,
				3877302D1CBF55D200FCE93E /* ZWHandler.m */,
				386F5BD91DBF427D000156C8 /* ZWMoveToSuperView.h */,
				386F5BDA1DBF427D000156C8 /* ZWMoveToSuperView.m */,
				38B065CA1DBF45BD00085E14 /* ZWSubMoveToSuperView.h */,
				38B065CB1DBF45BD00085E14 /* ZWSubMoveToSuperView.m */,
				380FF6EC1CBC934200EF1528 /* Main.storyboard */,
				380FF6EF1CBC934200EF1528 /* Assets.xcassets */,
				380FF6F11CBC934200EF1528 /* LaunchScreen.storyboard */,
				380FF6F41CBC934200EF1528 /* Info.plist */,
				380FF6E31CBC934200EF1528 /* Supporting Files */,
				380FF7251CBCAC8100EF1528 /* ZWTestProject-PrefixHeader.pch */,
			);
			path = ZWTestProject;
			sourceTree = "<group>";
		};
		380FF6E31CBC934200EF1528 /* Supporting Files */ = {
			isa = PBXGroup;
			children = (
				380FF6E41CBC934200EF1528 /* main.m */,
			);
			name = "Supporting Files";
			sourceTree = "<group>";
		};
		380FF6FC1CBC934300EF1528 /* ZWTestProjectTests */ = {
			isa = PBXGroup;
			children = (
				380FF6FD1CBC934300EF1528 /* ZWTestProjectTests.m */,
				380FF6FF1CBC934300EF1528 /* Info.plist */,
			);
			path = ZWTestProjectTests;
			sourceTree = "<group>";
		};
		380FF7071CBC934300EF1528 /* ZWTestProjectUITests */ = {
			isa = PBXGroup;
			children = (
				380FF7081CBC934300EF1528 /* ZWTestProjectUITests.m */,
				380FF70A1CBC934300EF1528 /* Info.plist */,
			);
			path = ZWTestProjectUITests;
			sourceTree = "<group>";
		};
		380FF7161CBCA39300EF1528 /* BaseViewControler */ = {
			isa = PBXGroup;
			children = (
				380FF7171CBCA3AC00EF1528 /* ZWBaseViewController.h */,
				380FF7181CBCA3AC00EF1528 /* ZWBaseViewController.m */,
				380FF71D1CBCA7DE00EF1528 /* ZWBaseNavgationViewController.h */,
				380FF71E1CBCA7DE00EF1528 /* ZWBaseNavgationViewController.m */,
				3816F90F1CC4BFC60007616E /* ZWTabBarController.h */,
				3816F9101CC4BFC60007616E /* ZWTabBarController.m */,
				386D4CD31CD1A9F10066CFCE /* ZWBaseTableViewController.h */,
				386D4CD41CD1A9F10066CFCE /* ZWBaseTableViewController.m */,
			);
			path = BaseViewControler;
			sourceTree = "<group>";
		};
		380FF7211CBCAAF200EF1528 /* Additions */ = {
			isa = PBXGroup;
			children = (
				380FF7221CBCAB4300EF1528 /* UIView+Additions.h */,
				380FF7231CBCAB4300EF1528 /* UIView+Additions.m */,
			);
			path = Additions;
			sourceTree = "<group>";
		};
		3816F9151CC5D5680007616E /* WebViewJavascriptBridge */ = {
			isa = PBXGroup;
			children = (
				3816F9181CC5D5680007616E /* WebViewJavascriptBridge_JS.h */,
				3816F9191CC5D5680007616E /* WebViewJavascriptBridge_JS.m */,
				3816F9161CC5D5680007616E /* WebViewJavascriptBridge.h */,
				3816F9171CC5D5680007616E /* WebViewJavascriptBridge.m */,
				3816F91A1CC5D5680007616E /* WebViewJavascriptBridgeBase.h */,
				3816F91B1CC5D5680007616E /* WebViewJavascriptBridgeBase.m */,
				3816F91C1CC5D5680007616E /* WKWebViewJavascriptBridge.h */,
				3816F91D1CC5D5680007616E /* WKWebViewJavascriptBridge.m */,
			);
			path = WebViewJavascriptBridge;
			sourceTree = "<group>";
		};
		3816F9251CC5D6200007616E /* Resource */ = {
			isa = PBXGroup;
			children = (
				381796EF1CCF3BCE004F060F /* timeline_image_loading@2x.png */,
				381796EC1CCF189F004F060F /* animal_city1.jpg */,
				3816F9261CC5D62F0007616E /* ExampleApp.html */,
			);
			path = Resource;
			sourceTree = "<group>";
		};
		3817962E1CC8A5DA004F060F /* Refrence */ = {
			isa = PBXGroup;
			children = (
				3817969F1CCA1652004F060F /* SDWebImage */,
				381796C11CCA1652004F060F /* ZWPhotoBrowser */,
			);
			path = Refrence;
			sourceTree = "<group>";
		};
		3817969F1CCA1652004F060F /* SDWebImage */ = {
			isa = PBXGroup;
			children = (
				381796A01CCA1652004F060F /* MKAnnotationView+WebCache.h */,
				381796A11CCA1652004F060F /* MKAnnotationView+WebCache.m */,
				381796A21CCA1652004F060F /* NSData+ImageContentType.h */,
				381796A31CCA1652004F060F /* NSData+ImageContentType.m */,
				381796A41CCA1652004F060F /* SDImageCache.h */,
				381796A51CCA1652004F060F /* SDImageCache.m */,
				381796A61CCA1652004F060F /* SDWebImageCompat.h */,
				381796A71CCA1652004F060F /* SDWebImageCompat.m */,
				381796A81CCA1652004F060F /* SDWebImageDecoder.h */,
				381796A91CCA1652004F060F /* SDWebImageDecoder.m */,
				381796AA1CCA1652004F060F /* SDWebImageDownloader.h */,
				381796AB1CCA1652004F060F /* SDWebImageDownloader.m */,
				381796AC1CCA1652004F060F /* SDWebImageDownloaderOperation.h */,
				381796AD1CCA1652004F060F /* SDWebImageDownloaderOperation.m */,
				381796AE1CCA1652004F060F /* SDWebImageManager.h */,
				381796AF1CCA1652004F060F /* SDWebImageManager.m */,
				381796B01CCA1652004F060F /* SDWebImageOperation.h */,
				381796B11CCA1652004F060F /* SDWebImagePrefetcher.h */,
				381796B21CCA1652004F060F /* SDWebImagePrefetcher.m */,
				381796B31CCA1652004F060F /* UIButton+WebCache.h */,
				381796B41CCA1652004F060F /* UIButton+WebCache.m */,
				381796B51CCA1652004F060F /* UIImage+GIF.h */,
				381796B61CCA1652004F060F /* UIImage+GIF.m */,
				381796B71CCA1652004F060F /* UIImage+MultiFormat.h */,
				381796B81CCA1652004F060F /* UIImage+MultiFormat.m */,
				381796B91CCA1652004F060F /* UIImage+WebP.h */,
				381796BA1CCA1652004F060F /* UIImage+WebP.m */,
				381796BB1CCA1652004F060F /* UIImageView+HighlightedWebCache.h */,
				381796BC1CCA1652004F060F /* UIImageView+HighlightedWebCache.m */,
				381796BD1CCA1652004F060F /* UIImageView+WebCache.h */,
				381796BE1CCA1652004F060F /* UIImageView+WebCache.m */,
				381796BF1CCA1652004F060F /* UIView+WebCacheOperation.h */,
				381796C01CCA1652004F060F /* UIView+WebCacheOperation.m */,
			);
			path = SDWebImage;
			sourceTree = "<group>";
		};
		381796C11CCA1652004F060F /* ZWPhotoBrowser */ = {
			isa = PBXGroup;
			children = (
				381796D31CCBA6E8004F060F /* ZWPhotoBrowserController.h */,
				381796D41CCBA6E8004F060F /* ZWPhotoBrowserController.m */,
				381796D61CCBA761004F060F /* ZWPhoto.h */,
				381796D71CCBA761004F060F /* ZWPhoto.m */,
				381796D91CCBAAE5004F060F /* ZWPhotoView.h */,
				381796DA1CCBAAE5004F060F /* ZWPhotoView.m */,
				381796DF1CCBAD24004F060F /* SDWebImageManager+ZWAdditions.h */,
				381796E01CCBAD24004F060F /* SDWebImageManager+ZWAdditions.m */,
				381796E21CCD2411004F060F /* ZWToolbar.h */,
				381796E31CCD2411004F060F /* ZWToolbar.m */,
				381796E51CCDC95C004F060F /* ZWLoadingView.h */,
				381796E61CCDC95C004F060F /* ZWLoadingView.m */,
			);
			path = ZWPhotoBrowser;
			sourceTree = "<group>";
		};
		386D4CE51CD1B01D0066CFCE /* Test */ = {
			isa = PBXGroup;
			children = (
				386D4CE61CD1B01D0066CFCE /* DesignPattern */,
			);
			path = Test;
			sourceTree = "<group>";
		};
		386D4CE61CD1B01D0066CFCE /* DesignPattern */ = {
			isa = PBXGroup;
			children = (
				386D4CFE1CD1E28B0066CFCE /* FactoryMethod */,
				386D4CEA1CD1B0790066CFCE /* SimpleFactory */,
				386D4CE71CD1B01D0066CFCE /* ZWDesignPatternViewController.h */,
				386D4CE81CD1B01D0066CFCE /* ZWDesignPatternViewController.m */,
			);
			path = DesignPattern;
			sourceTree = "<group>";
		};
		386D4CEA1CD1B0790066CFCE /* SimpleFactory */ = {
			isa = PBXGroup;
			children = (
				386D4CEB1CD1B1EF0066CFCE /* Operation.h */,
				386D4CEC1CD1B1EF0066CFCE /* Operation.m */,
				386D4CF11CD1B2BD0066CFCE /* OperationAdd.h */,
				386D4CF21CD1B2BD0066CFCE /* OperationAdd.m */,
				386D4CF41CD1B2F10066CFCE /* OperationSub.h */,
				386D4CF51CD1B2F10066CFCE /* OperationSub.m */,
				386D4CF71CD1B34C0066CFCE /* OpreationFactory.h */,
				386D4CF81CD1B34C0066CFCE /* OpreationFactory.m */,
			);
			path = SimpleFactory;
			sourceTree = "<group>";
		};
		386D4CFE1CD1E28B0066CFCE /* FactoryMethod */ = {
			isa = PBXGroup;
			children = (
				386D4CFF1CD1E3050066CFCE /* ZWFmOperation.h */,
				386D4D001CD1E3050066CFCE /* ZWFmOperation.m */,
				386D4D021CD1E3610066CFCE /* ZWFmOperationAdd.h */,
				386D4D031CD1E3610066CFCE /* ZWFmOperationAdd.m */,
				386D4D051CD1E3810066CFCE /* ZWFmOperationSub.h */,
				386D4D061CD1E3810066CFCE /* ZWFmOperationSub.m */,
				386D4D081CD1E3B30066CFCE /* ZWFmFactory.h */,
				386D4D091CD1E3B30066CFCE /* ZWFmFactory.m */,
				386D4D0B1CD219790066CFCE /* ZWFmFactoryAdd.h */,
				386D4D0C1CD219790066CFCE /* ZWFmFactoryAdd.m */,
				382AE79A1CD3414600A2472F /* ZWFmFactorySub.h */,
				382AE79B1CD3414600A2472F /* ZWFmFactorySub.m */,
			);
			path = FactoryMethod;
			sourceTree = "<group>";
		};
		388683281DADD525005A344B /* Views */ = {
			isa = PBXGroup;
			children = (
				388683291DADD551005A344B /* ZWResponderChainView.h */,
				3886832A1DADD551005A344B /* ZWResponderChainView.m */,
			);
			path = Views;
			sourceTree = "<group>";
		};
/* End PBXGroup section */

/* Begin PBXNativeTarget section */
		380FF6DF1CBC934200EF1528 /* ZWTestProject */ = {
			isa = PBXNativeTarget;
			buildConfigurationList = 380FF70D1CBC934300EF1528 /* Build configuration list for PBXNativeTarget "ZWTestProject" */;
			buildPhases = (
				380FF6DC1CBC934200EF1528 /* Sources */,
				380FF6DD1CBC934200EF1528 /* Frameworks */,
				380FF6DE1CBC934200EF1528 /* Resources */,
			);
			buildRules = (
			);
			dependencies = (
			);
			name = ZWTestProject;
			productName = ZWTestProject;
			productReference = 380FF6E01CBC934200EF1528 /* ZWTestProject.app */;
			productType = "com.apple.product-type.application";
		};
		380FF6F81CBC934300EF1528 /* ZWTestProjectTests */ = {
			isa = PBXNativeTarget;
			buildConfigurationList = 380FF7101CBC934300EF1528 /* Build configuration list for PBXNativeTarget "ZWTestProjectTests" */;
			buildPhases = (
				380FF6F51CBC934300EF1528 /* Sources */,
				380FF6F61CBC934300EF1528 /* Frameworks */,
				380FF6F71CBC934300EF1528 /* Resources */,
			);
			buildRules = (
			);
			dependencies = (
				380FF6FB1CBC934300EF1528 /* PBXTargetDependency */,
			);
			name = ZWTestProjectTests;
			productName = ZWTestProjectTests;
			productReference = 380FF6F91CBC934300EF1528 /* ZWTestProjectTests.xctest */;
			productType = "com.apple.product-type.bundle.unit-test";
		};
		380FF7031CBC934300EF1528 /* ZWTestProjectUITests */ = {
			isa = PBXNativeTarget;
			buildConfigurationList = 380FF7131CBC934300EF1528 /* Build configuration list for PBXNativeTarget "ZWTestProjectUITests" */;
			buildPhases = (
				380FF7001CBC934300EF1528 /* Sources */,
				380FF7011CBC934300EF1528 /* Frameworks */,
				380FF7021CBC934300EF1528 /* Resources */,
			);
			buildRules = (
			);
			dependencies = (
				380FF7061CBC934300EF1528 /* PBXTargetDependency */,
			);
			name = ZWTestProjectUITests;
			productName = ZWTestProjectUITests;
			productReference = 380FF7041CBC934300EF1528 /* ZWTestProjectUITests.xctest */;
			productType = "com.apple.product-type.bundle.ui-testing";
		};
/* End PBXNativeTarget section */

/* Begin PBXProject section */
		380FF6D81CBC934200EF1528 /* Project object */ = {
			isa = PBXProject;
			attributes = {
				LastUpgradeCheck = 0720;
				ORGANIZATIONNAME = caozhenwei;
				TargetAttributes = {
					380FF6DF1CBC934200EF1528 = {
						CreatedOnToolsVersion = 7.2.1;
					};
					380FF6F81CBC934300EF1528 = {
						CreatedOnToolsVersion = 7.2.1;
						TestTargetID = 380FF6DF1CBC934200EF1528;
					};
					380FF7031CBC934300EF1528 = {
						CreatedOnToolsVersion = 7.2.1;
						TestTargetID = 380FF6DF1CBC934200EF1528;
					};
				};
			};
			buildConfigurationList = 380FF6DB1CBC934200EF1528 /* Build configuration list for PBXProject "ZWTestProject" */;
			compatibilityVersion = "Xcode 3.2";
			developmentRegion = English;
			hasScannedForEncodings = 0;
			knownRegions = (
				en,
				Base,
			);
			mainGroup = 380FF6D71CBC934200EF1528;
			productRefGroup = 380FF6E11CBC934200EF1528 /* Products */;
			projectDirPath = "";
			projectRoot = "";
			targets = (
				380FF6DF1CBC934200EF1528 /* ZWTestProject */,
				380FF6F81CBC934300EF1528 /* ZWTestProjectTests */,
				380FF7031CBC934300EF1528 /* ZWTestProjectUITests */,
			);
		};
/* End PBXProject section */

/* Begin PBXResourcesBuildPhase section */
		380FF6DE1CBC934200EF1528 /* Resources */ = {
			isa = PBXResourcesBuildPhase;
			buildActionMask = 2147483647;
			files = (
				380FF6F31CBC934200EF1528 /* LaunchScreen.storyboard in Resources */,
				380B7DEE1D17CFB4008B4177 /* ZWCollectionViewCell.xib in Resources */,
				381796ED1CCF189F004F060F /* animal_city1.jpg in Resources */,
				380FF6F01CBC934200EF1528 /* Assets.xcassets in Resources */,
				380FF6EE1CBC934200EF1528 /* Main.storyboard in Resources */,
				381796F01CCF3BCE004F060F /* timeline_image_loading@2x.png in Resources */,
				3816F9271CC5D62F0007616E /* ExampleApp.html in Resources */,
			);
			runOnlyForDeploymentPostprocessing = 0;
		};
		380FF6F71CBC934300EF1528 /* Resources */ = {
			isa = PBXResourcesBuildPhase;
			buildActionMask = 2147483647;
			files = (
			);
			runOnlyForDeploymentPostprocessing = 0;
		};
		380FF7021CBC934300EF1528 /* Resources */ = {
			isa = PBXResourcesBuildPhase;
			buildActionMask = 2147483647;
			files = (
			);
			runOnlyForDeploymentPostprocessing = 0;
		};
/* End PBXResourcesBuildPhase section */

/* Begin PBXSourcesBuildPhase section */
		380FF6DC1CBC934200EF1528 /* Sources */ = {
			isa = PBXSourcesBuildPhase;
			buildActionMask = 2147483647;
			files = (
				382AE79C1CD3414600A2472F /* ZWFmFactorySub.m in Sources */,
				381796C61CCA1652004F060F /* SDWebImageDecoder.m in Sources */,
				381796D11CCA1652004F060F /* UIView+WebCacheOperation.m in Sources */,
				380FF72B1CBCF37800EF1528 /* ZWRuntimeViewController.m in Sources */,
				38336BBA1D179400002BA291 /* ZWWaterFlowLayout.m in Sources */,
				381796C91CCA1652004F060F /* SDWebImageManager.m in Sources */,
				3817969E1CC9E9F4004F060F /* ZWScrollViewTestViewController.m in Sources */,
				382AE79F1CD4888B00A2472F /* ZWCalculateFunViewController.m in Sources */,
				3816F91E1CC5D5680007616E /* WebViewJavascriptBridge.m in Sources */,
				386D4CF61CD1B2F10066CFCE /* OperationSub.m in Sources */,
				3816F9241CC5D5A00007616E /* ZWWebViewJavascriptBridgeController.m in Sources */,
				386D4CF91CD1B34C0066CFCE /* OpreationFactory.m in Sources */,
				381796C51CCA1652004F060F /* SDWebImageCompat.m in Sources */,
				381796DB1CCBAAE5004F060F /* ZWPhotoView.m in Sources */,
				381796C81CCA1652004F060F /* SDWebImageDownloaderOperation.m in Sources */,
				3816F92A1CC5DC8C0007616E /* ZWWebViewTestViewController.m in Sources */,
				385CAD6E1CFE8F0800BD4F1B /* ZWLabelViewController.m in Sources */,
				3886832E1DB087FA005A344B /* ZWTimerViewController.m in Sources */,
				386F5BD81DBF4233000156C8 /* ZWWillMoveToSuperViewController.m in Sources */,
				386D4CE91CD1B01D0066CFCE /* ZWDesignPatternViewController.m in Sources */,
				380FF80C1CBE4FBF00EF1528 /* UIViewController+ExchangeImplemations.m in Sources */,
				381796D01CCA1652004F060F /* UIImageView+WebCache.m in Sources */,
				3877302B1CBF55B500FCE93E /* ZWLeakViewController.m in Sources */,
				3817964B1CC8A675004F060F /* ZWPhotoBrowserViewController.m in Sources */,
				380FF7241CBCAB4300EF1528 /* UIView+Additions.m in Sources */,
				386D4CD51CD1A9F10066CFCE /* ZWBaseTableViewController.m in Sources */,
				386D4CD21CD0D9480066CFCE /* ZWGCDViewController.m in Sources */,
				381796E11CCBAD24004F060F /* SDWebImageManager+ZWAdditions.m in Sources */,
				3810440B1D13E534008428C8 /* ZWCollectionViewController.m in Sources */,
				381796CF1CCA1652004F060F /* UIImageView+HighlightedWebCache.m in Sources */,
				380FF7191CBCA3AC00EF1528 /* ZWBaseViewController.m in Sources */,
				386D4D041CD1E3610066CFCE /* ZWFmOperationAdd.m in Sources */,
				380FF6E81CBC934200EF1528 /* AppDelegate.m in Sources */,
				381D855C1CEAAC610058B2FE /* ZWPhoneCallViewController.m in Sources */,
				388683271DADCFB2005A344B /* ZWResponderChainViewController.m in Sources */,
				380B7DED1D17CFB4008B4177 /* ZWCollectionViewCell.m in Sources */,
				381796E71CCDC95C004F060F /* ZWLoadingView.m in Sources */,
				3816F9211CC5D5680007616E /* WKWebViewJavascriptBridge.m in Sources */,
				386D4D0D1CD219790066CFCE /* ZWFmFactoryAdd.m in Sources */,
				381796CC1CCA1652004F060F /* UIImage+GIF.m in Sources */,
				381796CD1CCA1652004F060F /* UIImage+MultiFormat.m in Sources */,
				386D4CF31CD1B2BD0066CFCE /* OperationAdd.m in Sources */,
				381796D81CCBA761004F060F /* ZWPhoto.m in Sources */,
				3816F9111CC4BFC60007616E /* ZWTabBarController.m in Sources */,
				381796CE1CCA1652004F060F /* UIImage+WebP.m in Sources */,
				386D4D071CD1E3810066CFCE /* ZWFmOperationSub.m in Sources */,
				381796CA1CCA1652004F060F /* SDWebImagePrefetcher.m in Sources */,
				38336BBD1D179439002BA291 /* ZWPhotoCell.m in Sources */,
				386D4CED1CD1B1EF0066CFCE /* Operation.m in Sources */,
				386D4D0A1CD1E3B30066CFCE /* ZWFmFactory.m in Sources */,
				381796D51CCBA6E8004F060F /* ZWPhotoBrowserController.m in Sources */,
				380FF6E51CBC934200EF1528 /* main.m in Sources */,
				3816F91F1CC5D5680007616E /* WebViewJavascriptBridge_JS.m in Sources */,
				386D4CCF1CD0CAA00066CFCE /* ZWConcurrentOpration.m in Sources */,
				386D4CCC1CD0B8270066CFCE /* ZWOprationViewController.m in Sources */,
				3816F9201CC5D5680007616E /* WebViewJavascriptBridgeBase.m in Sources */,
				387730371CC0F33B00FCE93E /* ZWBlockViewController.m in Sources */,
				381796C21CCA1652004F060F /* MKAnnotationView+WebCache.m in Sources */,
				380FF71C1CBCA79E00EF1528 /* MainViewController.m in Sources */,
				381796C71CCA1652004F060F /* SDWebImageDownloader.m in Sources */,
				380B7DF41D18EAFE008B4177 /* ZWCustomCollectViewController.m in Sources */,
				380B7DF11D18D5E4008B4177 /* ZWSupplementaryView.m in Sources */,
				381796CB1CCA1652004F060F /* UIButton+WebCache.m in Sources */,
				387730601CC34C5A00FCE93E /* ZWObject.m in Sources */,
				386D4D011CD1E3050066CFCE /* ZWFmOperation.m in Sources */,
				381796C31CCA1652004F060F /* NSData+ImageContentType.m in Sources */,
				380FF71F1CBCA7DE00EF1528 /* ZWBaseNavgationViewController.m in Sources */,
				386F5BDB1DBF427D000156C8 /* ZWMoveToSuperView.m in Sources */,
				3877302E1CBF55D200FCE93E /* ZWHandler.m in Sources */,
				381796C41CCA1652004F060F /* SDImageCache.m in Sources */,
				380FF7FD1CBE176600EF1528 /* ZWForwardInvocationViewController.m in Sources */,
				381796E41CCD2411004F060F /* ZWToolbar.m in Sources */,
				386D4CC91CD086F00066CFCE /* ZWSdWebImageTestViewController.m in Sources */,
				385FCF8F1CE315280095C271 /* ZWPickerViewController.m in Sources */,
				380FF7281CBCAF3300EF1528 /* ZWAssociatedViewController.m in Sources */,
				38B065CC1DBF45BD00085E14 /* ZWSubMoveToSuperView.m in Sources */,
				3886832B1DADD551005A344B /* ZWResponderChainView.m in Sources */,
			);
			runOnlyForDeploymentPostprocessing = 0;
		};
		380FF6F51CBC934300EF1528 /* Sources */ = {
			isa = PBXSourcesBuildPhase;
			buildActionMask = 2147483647;
			files = (
				380FF6FE1CBC934300EF1528 /* ZWTestProjectTests.m in Sources */,
			);
			runOnlyForDeploymentPostprocessing = 0;
		};
		380FF7001CBC934300EF1528 /* Sources */ = {
			isa = PBXSourcesBuildPhase;
			buildActionMask = 2147483647;
			files = (
				380FF7091CBC934300EF1528 /* ZWTestProjectUITests.m in Sources */,
			);
			runOnlyForDeploymentPostprocessing = 0;
		};
/* End PBXSourcesBuildPhase section */

/* Begin PBXTargetDependency section */
		380FF6FB1CBC934300EF1528 /* PBXTargetDependency */ = {
			isa = PBXTargetDependency;
			target = 380FF6DF1CBC934200EF1528 /* ZWTestProject */;
			targetProxy = 380FF6FA1CBC934300EF1528 /* PBXContainerItemProxy */;
		};
		380FF7061CBC934300EF1528 /* PBXTargetDependency */ = {
			isa = PBXTargetDependency;
			target = 380FF6DF1CBC934200EF1528 /* ZWTestProject */;
			targetProxy = 380FF7051CBC934300EF1528 /* PBXContainerItemProxy */;
		};
/* End PBXTargetDependency section */

/* Begin PBXVariantGroup section */
		380FF6EC1CBC934200EF1528 /* Main.storyboard */ = {
			isa = PBXVariantGroup;
			children = (
				380FF6ED1CBC934200EF1528 /* Base */,
			);
			name = Main.storyboard;
			sourceTree = "<group>";
		};
		380FF6F11CBC934200EF1528 /* LaunchScreen.storyboard */ = {
			isa = PBXVariantGroup;
			children = (
				380FF6F21CBC934200EF1528 /* Base */,
			);
			name = LaunchScreen.storyboard;
			sourceTree = "<group>";
		};
/* End PBXVariantGroup section */

/* Begin XCBuildConfiguration section */
		380FF70B1CBC934300EF1528 /* Debug */ = {
			isa = XCBuildConfiguration;
			buildSettings = {
				ALWAYS_SEARCH_USER_PATHS = NO;
				CLANG_CXX_LANGUAGE_STANDARD = "gnu++0x";
				CLANG_CXX_LIBRARY = "libc++";
				CLANG_ENABLE_MODULES = YES;
				CLANG_ENABLE_OBJC_ARC = YES;
				CLANG_WARN_BOOL_CONVERSION = YES;
				CLANG_WARN_CONSTANT_CONVERSION = YES;
				CLANG_WARN_DIRECT_OBJC_ISA_USAGE = YES_ERROR;
				CLANG_WARN_EMPTY_BODY = YES;
				CLANG_WARN_ENUM_CONVERSION = YES;
				CLANG_WARN_INT_CONVERSION = YES;
				CLANG_WARN_OBJC_ROOT_CLASS = YES_ERROR;
				CLANG_WARN_UNREACHABLE_CODE = YES;
				CLANG_WARN__DUPLICATE_METHOD_MATCH = YES;
				"CODE_SIGN_IDENTITY[sdk=iphoneos*]" = "iPhone Developer";
				COPY_PHASE_STRIP = NO;
				DEBUG_INFORMATION_FORMAT = dwarf;
				ENABLE_STRICT_OBJC_MSGSEND = YES;
				ENABLE_TESTABILITY = YES;
				GCC_C_LANGUAGE_STANDARD = gnu99;
				GCC_DYNAMIC_NO_PIC = NO;
				GCC_NO_COMMON_BLOCKS = YES;
				GCC_OPTIMIZATION_LEVEL = 0;
				GCC_PREPROCESSOR_DEFINITIONS = (
					"DEBUG=1",
					"$(inherited)",
				);
				GCC_WARN_64_TO_32_BIT_CONVERSION = YES;
				GCC_WARN_ABOUT_RETURN_TYPE = YES_ERROR;
				GCC_WARN_UNDECLARED_SELECTOR = YES;
				GCC_WARN_UNINITIALIZED_AUTOS = YES_AGGRESSIVE;
				GCC_WARN_UNUSED_FUNCTION = YES;
				GCC_WARN_UNUSED_VARIABLE = YES;
				IPHONEOS_DEPLOYMENT_TARGET = 9.2;
				MTL_ENABLE_DEBUG_INFO = YES;
				ONLY_ACTIVE_ARCH = YES;
				SDKROOT = iphoneos;
			};
			name = Debug;
		};
		380FF70C1CBC934300EF1528 /* Release */ = {
			isa = XCBuildConfiguration;
			buildSettings = {
				ALWAYS_SEARCH_USER_PATHS = NO;
				CLANG_CXX_LANGUAGE_STANDARD = "gnu++0x";
				CLANG_CXX_LIBRARY = "libc++";
				CLANG_ENABLE_MODULES = YES;
				CLANG_ENABLE_OBJC_ARC = YES;
				CLANG_WARN_BOOL_CONVERSION = YES;
				CLANG_WARN_CONSTANT_CONVERSION = YES;
				CLANG_WARN_DIRECT_OBJC_ISA_USAGE = YES_ERROR;
				CLANG_WARN_EMPTY_BODY = YES;
				CLANG_WARN_ENUM_CONVERSION = YES;
				CLANG_WARN_INT_CONVERSION = YES;
				CLANG_WARN_OBJC_ROOT_CLASS = YES_ERROR;
				CLANG_WARN_UNREACHABLE_CODE = YES;
				CLANG_WARN__DUPLICATE_METHOD_MATCH = YES;
				"CODE_SIGN_IDENTITY[sdk=iphoneos*]" = "iPhone Developer";
				COPY_PHASE_STRIP = NO;
				DEBUG_INFORMATION_FORMAT = "dwarf-with-dsym";
				ENABLE_NS_ASSERTIONS = NO;
				ENABLE_STRICT_OBJC_MSGSEND = YES;
				GCC_C_LANGUAGE_STANDARD = gnu99;
				GCC_NO_COMMON_BLOCKS = YES;
				GCC_WARN_64_TO_32_BIT_CONVERSION = YES;
				GCC_WARN_ABOUT_RETURN_TYPE = YES_ERROR;
				GCC_WARN_UNDECLARED_SELECTOR = YES;
				GCC_WARN_UNINITIALIZED_AUTOS = YES_AGGRESSIVE;
				GCC_WARN_UNUSED_FUNCTION = YES;
				GCC_WARN_UNUSED_VARIABLE = YES;
				IPHONEOS_DEPLOYMENT_TARGET = 9.2;
				MTL_ENABLE_DEBUG_INFO = NO;
				SDKROOT = iphoneos;
				VALIDATE_PRODUCT = YES;
			};
			name = Release;
		};
		380FF70E1CBC934300EF1528 /* Debug */ = {
			isa = XCBuildConfiguration;
			buildSettings = {
				ASSETCATALOG_COMPILER_APPICON_NAME = AppIcon;
				GCC_PRECOMPILE_PREFIX_HEADER = YES;
				GCC_PREFIX_HEADER = "ZWTestProject/ZWTestProject-PrefixHeader.pch";
				INFOPLIST_FILE = ZWTestProject/Info.plist;
				IPHONEOS_DEPLOYMENT_TARGET = 9.1;
				LD_RUNPATH_SEARCH_PATHS = "$(inherited) @executable_path/Frameworks";
				PRODUCT_BUNDLE_IDENTIFIER = com.doumi.jianzhi;
				PRODUCT_NAME = "$(TARGET_NAME)";
			};
			name = Debug;
		};
		380FF70F1CBC934300EF1528 /* Release */ = {
			isa = XCBuildConfiguration;
			buildSettings = {
				ASSETCATALOG_COMPILER_APPICON_NAME = AppIcon;
				GCC_PRECOMPILE_PREFIX_HEADER = YES;
				GCC_PREFIX_HEADER = "ZWTestProject/ZWTestProject-PrefixHeader.pch";
				INFOPLIST_FILE = ZWTestProject/Info.plist;
				IPHONEOS_DEPLOYMENT_TARGET = 9.1;
				LD_RUNPATH_SEARCH_PATHS = "$(inherited) @executable_path/Frameworks";
				PRODUCT_BUNDLE_IDENTIFIER = com.doumi.jianzhi;
				PRODUCT_NAME = "$(TARGET_NAME)";
			};
			name = Release;
		};
		380FF7111CBC934300EF1528 /* Debug */ = {
			isa = XCBuildConfiguration;
			buildSettings = {
				BUNDLE_LOADER = "$(TEST_HOST)";
				INFOPLIST_FILE = ZWTestProjectTests/Info.plist;
				LD_RUNPATH_SEARCH_PATHS = "$(inherited) @executable_path/Frameworks @loader_path/Frameworks";
				PRODUCT_BUNDLE_IDENTIFIER = caozhenwei.ZWTestProjectTests;
				PRODUCT_NAME = "$(TARGET_NAME)";
				TEST_HOST = "$(BUILT_PRODUCTS_DIR)/ZWTestProject.app/ZWTestProject";
			};
			name = Debug;
		};
		380FF7121CBC934300EF1528 /* Release */ = {
			isa = XCBuildConfiguration;
			buildSettings = {
				BUNDLE_LOADER = "$(TEST_HOST)";
				INFOPLIST_FILE = ZWTestProjectTests/Info.plist;
				LD_RUNPATH_SEARCH_PATHS = "$(inherited) @executable_path/Frameworks @loader_path/Frameworks";
				PRODUCT_BUNDLE_IDENTIFIER = caozhenwei.ZWTestProjectTests;
				PRODUCT_NAME = "$(TARGET_NAME)";
				TEST_HOST = "$(BUILT_PRODUCTS_DIR)/ZWTestProject.app/ZWTestProject";
			};
			name = Release;
		};
		380FF7141CBC934300EF1528 /* Debug */ = {
			isa = XCBuildConfiguration;
			buildSettings = {
				INFOPLIST_FILE = ZWTestProjectUITests/Info.plist;
				LD_RUNPATH_SEARCH_PATHS = "$(inherited) @executable_path/Frameworks @loader_path/Frameworks";
				PRODUCT_BUNDLE_IDENTIFIER = caozhenwei.ZWTestProjectUITests;
				PRODUCT_NAME = "$(TARGET_NAME)";
				TEST_TARGET_NAME = ZWTestProject;
				USES_XCTRUNNER = YES;
			};
			name = Debug;
		};
		380FF7151CBC934300EF1528 /* Release */ = {
			isa = XCBuildConfiguration;
			buildSettings = {
				INFOPLIST_FILE = ZWTestProjectUITests/Info.plist;
				LD_RUNPATH_SEARCH_PATHS = "$(inherited) @executable_path/Frameworks @loader_path/Frameworks";
				PRODUCT_BUNDLE_IDENTIFIER = caozhenwei.ZWTestProjectUITests;
				PRODUCT_NAME = "$(TARGET_NAME)";
				TEST_TARGET_NAME = ZWTestProject;
				USES_XCTRUNNER = YES;
			};
			name = Release;
		};
/* End XCBuildConfiguration section */

/* Begin XCConfigurationList section */
		380FF6DB1CBC934200EF1528 /* Build configuration list for PBXProject "ZWTestProject" */ = {
			isa = XCConfigurationList;
			buildConfigurations = (
				380FF70B1CBC934300EF1528 /* Debug */,
				380FF70C1CBC934300EF1528 /* Release */,
			);
			defaultConfigurationIsVisible = 0;
			defaultConfigurationName = Release;
		};
		380FF70D1CBC934300EF1528 /* Build configuration list for PBXNativeTarget "ZWTestProject" */ = {
			isa = XCConfigurationList;
			buildConfigurations = (
				380FF70E1CBC934300EF1528 /* Debug */,
				380FF70F1CBC934300EF1528 /* Release */,
			);
			defaultConfigurationIsVisible = 0;
			defaultConfigurationName = Release;
		};
		380FF7101CBC934300EF1528 /* Build configuration list for PBXNativeTarget "ZWTestProjectTests" */ = {
			isa = XCConfigurationList;
			buildConfigurations = (
				380FF7111CBC934300EF1528 /* Debug */,
				380FF7121CBC934300EF1528 /* Release */,
			);
			defaultConfigurationIsVisible = 0;
			defaultConfigurationName = Release;
		};
		380FF7131CBC934300EF1528 /* Build configuration list for PBXNativeTarget "ZWTestProjectUITests" */ = {
			isa = XCConfigurationList;
			buildConfigurations = (
				380FF7141CBC934300EF1528 /* Debug */,
				380FF7151CBC934300EF1528 /* Release */,
			);
			defaultConfigurationIsVisible = 0;
			defaultConfigurationName = Release;
		};
/* End XCConfigurationList section */
	};
	rootObject = 380FF6D81CBC934200EF1528 /* Project object */;
}
